// !$*UTF8*$!
{
	archiveVersion = 1;
	classes = {
	};
	objectVersion = 56;
	objects = {

/* Begin PBXBuildFile section */
		237B4DED2DAAD58BCB6BEA39 /* libPods-Common-Example.a in Frameworks */ = {isa = PBXBuildFile; fileRef = A4ADD739F9E2988EBF756B91 /* libPods-Common-Example.a */; };
		2F7C82672A205B8B006986B3 /* AppDelegate.m in Sources */ = {isa = PBXBuildFile; fileRef = 2F7C82662A205B8B006986B3 /* AppDelegate.m */; };
		2F7C826D2A205B8B006986B3 /* ViewController.m in Sources */ = {isa = PBXBuildFile; fileRef = 2F7C826C2A205B8B006986B3 /* ViewController.m */; };
		2F7C82702A205B8B006986B3 /* Main.storyboard in Resources */ = {isa = PBXBuildFile; fileRef = 2F7C826E2A205B8B006986B3 /* Main.storyboard */; };
		2F7C82722A205B8C006986B3 /* Assets.xcassets in Resources */ = {isa = PBXBuildFile; fileRef = 2F7C82712A205B8C006986B3 /* Assets.xcassets */; };
		2F7C82752A205B8C006986B3 /* LaunchScreen.storyboard in Resources */ = {isa = PBXBuildFile; fileRef = 2F7C82732A205B8C006986B3 /* LaunchScreen.storyboard */; };
		2F7C82782A205B8C006986B3 /* main.m in Sources */ = {isa = PBXBuildFile; fileRef = 2F7C82772A205B8C006986B3 /* main.m */; };
		2F7C82822A205B8C006986B3 /* ExampleTests.m in Sources */ = {isa = PBXBuildFile; fileRef = 2F7C82812A205B8C006986B3 /* ExampleTests.m */; };
		2F7C828C2A205B8C006986B3 /* ExampleUITests.m in Sources */ = {isa = PBXBuildFile; fileRef = 2F7C828B2A205B8C006986B3 /* ExampleUITests.m */; };
		2F7C828E2A205B8C006986B3 /* ExampleUITestsLaunchTests.m in Sources */ = {isa = PBXBuildFile; fileRef = 2F7C828D2A205B8C006986B3 /* ExampleUITestsLaunchTests.m */; };
		2F92C2082BA1A25600C59B99 /* NSEncryptPlugin.m in Sources */ = {isa = PBXBuildFile; fileRef = 2F92C2072BA1A25600C59B99 /* NSEncryptPlugin.m */; };
		2F92C2942BA1A2FA00C59B99 /* LICENSE in Resources */ = {isa = PBXBuildFile; fileRef = 2F92C20B2BA1A2F900C59B99 /* LICENSE */; };
		2F92C2952BA1A2FA00C59B99 /* SPNavigationController.m in Sources */ = {isa = PBXBuildFile; fileRef = 2F92C20F2BA1A2F900C59B99 /* SPNavigationController.m */; };
		2F92C2962BA1A2FA00C59B99 /* SPBaseViewController.m in Sources */ = {isa = PBXBuildFile; fileRef = 2F92C2122BA1A2F900C59B99 /* SPBaseViewController.m */; };
		2F92C2972BA1A2FA00C59B99 /* SPMerchantRequest.m in Sources */ = {isa = PBXBuildFile; fileRef = 2F92C2172BA1A2F900C59B99 /* SPMerchantRequest.m */; };
		2F92C2982BA1A2FA00C59B99 /* SPMerchantGenericNetResponse.m in Sources */ = {isa = PBXBuildFile; fileRef = 2F92C2192BA1A2F900C59B99 /* SPMerchantGenericNetResponse.m */; };
		2F92C2992BA1A2FA00C59B99 /* SPMerchantHeaderInterceptor.m in Sources */ = {isa = PBXBuildFile; fileRef = 2F92C21B2BA1A2F900C59B99 /* SPMerchantHeaderInterceptor.m */; };
		2F92C29A2BA1A2FA00C59B99 /* SPMerchantNetCallImp.m in Sources */ = {isa = PBXBuildFile; fileRef = 2F92C21D2BA1A2F900C59B99 /* SPMerchantNetCallImp.m */; };
		2F92C29B2BA1A2FA00C59B99 /* SPWalletRequest.m in Sources */ = {isa = PBXBuildFile; fileRef = 2F92C2202BA1A2F900C59B99 /* SPWalletRequest.m */; };
		2F92C29C2BA1A2FA00C59B99 /* SPWalletNetCallImp.m in Sources */ = {isa = PBXBuildFile; fileRef = 2F92C2212BA1A2F900C59B99 /* SPWalletNetCallImp.m */; };
		2F92C29D2BA1A2FA00C59B99 /* SPWalletGenericNetResponse.m in Sources */ = {isa = PBXBuildFile; fileRef = 2F92C2232BA1A2F900C59B99 /* SPWalletGenericNetResponse.m */; };
		2F92C29E2BA1A2FA00C59B99 /* SPWalletInterceptor.m in Sources */ = {isa = PBXBuildFile; fileRef = 2F92C2272BA1A2F900C59B99 /* SPWalletInterceptor.m */; };
		2F92C29F2BA1A2FA00C59B99 /* SDPNetworkSessionManager.m in Sources */ = {isa = PBXBuildFile; fileRef = 2F92C22A2BA1A2F900C59B99 /* SDPNetworkSessionManager.m */; };
		2F92C2A02BA1A2FA00C59B99 /* SDPIPDirect.m in Sources */ = {isa = PBXBuildFile; fileRef = 2F92C22E2BA1A2F900C59B99 /* SDPIPDirect.m */; };
		2F92C2A12BA1A2FA00C59B99 /* SDPSecurityPolicy.m in Sources */ = {isa = PBXBuildFile; fileRef = 2F92C2342BA1A2F900C59B99 /* SDPSecurityPolicy.m */; };
		2F92C2A22BA1A2FA00C59B99 /* SDPNetworkInterceptor.m in Sources */ = {isa = PBXBuildFile; fileRef = 2F92C2352BA1A2F900C59B99 /* SDPNetworkInterceptor.m */; };
		2F92C2A32BA1A2FA00C59B99 /* SPNetCallImp.m in Sources */ = {isa = PBXBuildFile; fileRef = 2F92C2372BA1A2F900C59B99 /* SPNetCallImp.m */; };
		2F92C2A42BA1A2FA00C59B99 /* SPNetworkConfig.m in Sources */ = {isa = PBXBuildFile; fileRef = 2F92C2392BA1A2F900C59B99 /* SPNetworkConfig.m */; };
		2F92C2A52BA1A2FA00C59B99 /* SPSingleHttpToolBox.m in Sources */ = {isa = PBXBuildFile; fileRef = 2F92C23B2BA1A2F900C59B99 /* SPSingleHttpToolBox.m */; };
		2F92C2A62BA1A2FA00C59B99 /* SPNetCall.m in Sources */ = {isa = PBXBuildFile; fileRef = 2F92C23C2BA1A2F900C59B99 /* SPNetCall.m */; };
		2F92C2A72BA1A2FA00C59B99 /* SPNetResponse.m in Sources */ = {isa = PBXBuildFile; fileRef = 2F92C23D2BA1A2F900C59B99 /* SPNetResponse.m */; };
		2F92C2A82BA1A2FA00C59B99 /* SPHttpManager.m in Sources */ = {isa = PBXBuildFile; fileRef = 2F92C23E2BA1A2F900C59B99 /* SPHttpManager.m */; };
		2F92C2A92BA1A2FA00C59B99 /* AESEncryptor.m in Sources */ = {isa = PBXBuildFile; fileRef = 2F92C2432BA1A2F900C59B99 /* AESEncryptor.m */; };
		2F92C2AA2BA1A2FA00C59B99 /* RSAEncryptor.m in Sources */ = {isa = PBXBuildFile; fileRef = 2F92C2442BA1A2F900C59B99 /* RSAEncryptor.m */; };
		2F92C2AB2BA1A2FA00C59B99 /* RSAManager.m in Sources */ = {isa = PBXBuildFile; fileRef = 2F92C2452BA1A2F900C59B99 /* RSAManager.m */; };
		2F92C2AC2BA1A2FA00C59B99 /* SDPSecurityRSA.m in Sources */ = {isa = PBXBuildFile; fileRef = 2F92C2462BA1A2F900C59B99 /* SDPSecurityRSA.m */; };
		2F92C2AD2BA1A2FA00C59B99 /* SPNetRequest.m in Sources */ = {isa = PBXBuildFile; fileRef = 2F92C2492BA1A2F900C59B99 /* SPNetRequest.m */; };
		2F92C2AE2BA1A2FA00C59B99 /* SPNetwork.m in Sources */ = {isa = PBXBuildFile; fileRef = 2F92C24B2BA1A2F900C59B99 /* SPNetwork.m */; };
		2F92C2AF2BA1A2FA00C59B99 /* NSData+Conversion.m in Sources */ = {isa = PBXBuildFile; fileRef = 2F92C24F2BA1A2F900C59B99 /* NSData+Conversion.m */; };
		2F92C2B02BA1A2FA00C59B99 /* NSString+SP.m in Sources */ = {isa = PBXBuildFile; fileRef = 2F92C2512BA1A2F900C59B99 /* NSString+SP.m */; };
		2F92C2B12BA1A2FA00C59B99 /* NSData+Base64.m in Sources */ = {isa = PBXBuildFile; fileRef = 2F92C2542BA1A2F900C59B99 /* NSData+Base64.m */; };
		2F92C2B22BA1A2FA00C59B99 /* SPCore.m in Sources */ = {isa = PBXBuildFile; fileRef = 2F92C2552BA1A2F900C59B99 /* SPCore.m */; };
		2F92C2B32BA1A2FA00C59B99 /* SPCheckAppVersionUpgrade.m in Sources */ = {isa = PBXBuildFile; fileRef = 2F92C2582BA1A2F900C59B99 /* SPCheckAppVersionUpgrade.m */; };
		2F92C2B42BA1A2FA00C59B99 /* CheckVersionReq.m in Sources */ = {isa = PBXBuildFile; fileRef = 2F92C25B2BA1A2F900C59B99 /* CheckVersionReq.m */; };
		2F92C2B52BA1A2FA00C59B99 /* CheckVersionResp.m in Sources */ = {isa = PBXBuildFile; fileRef = 2F92C25D2BA1A2F900C59B99 /* CheckVersionResp.m */; };
		2F92C2B62BA1A2FA00C59B99 /* SDPFMDatabaseQueue.m in Sources */ = {isa = PBXBuildFile; fileRef = 2F92C2642BA1A2F900C59B99 /* SDPFMDatabaseQueue.m */; };
		2F92C2B72BA1A2FA00C59B99 /* SDPFMDatabaseAdditions.m in Sources */ = {isa = PBXBuildFile; fileRef = 2F92C2652BA1A2F900C59B99 /* SDPFMDatabaseAdditions.m */; };
		2F92C2B82BA1A2FA00C59B99 /* SDPFMDatabase.m in Sources */ = {isa = PBXBuildFile; fileRef = 2F92C2662BA1A2F900C59B99 /* SDPFMDatabase.m */; };
		2F92C2B92BA1A2FA00C59B99 /* SDPFMDatabasePool.m in Sources */ = {isa = PBXBuildFile; fileRef = 2F92C2672BA1A2F900C59B99 /* SDPFMDatabasePool.m */; };
		2F92C2BA2BA1A2FA00C59B99 /* SDPFMResultSet.m in Sources */ = {isa = PBXBuildFile; fileRef = 2F92C26A2BA1A2F900C59B99 /* SDPFMResultSet.m */; };
		2F92C2BB2BA1A2FA00C59B99 /* SDPAutoTrackElementIsIgnoredProtocol.m in Sources */ = {isa = PBXBuildFile; fileRef = 2F92C26D2BA1A2F900C59B99 /* SDPAutoTrackElementIsIgnoredProtocol.m */; };
		2F92C2BC2BA1A2FA00C59B99 /* UIView+SDPAutoTrack.m in Sources */ = {isa = PBXBuildFile; fileRef = 2F92C2712BA1A2F900C59B99 /* UIView+SDPAutoTrack.m */; };
		2F92C2BD2BA1A2FA00C59B99 /* UIViewController+SDPAutoTrack.m in Sources */ = {isa = PBXBuildFile; fileRef = 2F92C2732BA1A2F900C59B99 /* UIViewController+SDPAutoTrack.m */; };
		2F92C2BE2BA1A2FA00C59B99 /* UIGestureRecognizer+SDPAutoTrack.m in Sources */ = {isa = PBXBuildFile; fileRef = 2F92C2742BA1A2F900C59B99 /* UIGestureRecognizer+SDPAutoTrack.m */; };
		2F92C2BF2BA1A2FA00C59B99 /* SDPAutoTrackConstants.m in Sources */ = {isa = PBXBuildFile; fileRef = 2F92C2752BA1A2F900C59B99 /* SDPAutoTrackConstants.m */; };
		2F92C2C02BA1A2FA00C59B99 /* UIView+SDPAutoTrackTableHeaderFooterView.m in Sources */ = {isa = PBXBuildFile; fileRef = 2F92C2762BA1A2F900C59B99 /* UIView+SDPAutoTrackTableHeaderFooterView.m */; };
		2F92C2C12BA1A2FA00C59B99 /* SDPAspects.m in Sources */ = {isa = PBXBuildFile; fileRef = 2F92C2782BA1A2F900C59B99 /* SDPAspects.m */; };
		2F92C2C22BA1A2FA00C59B99 /* SDPAutoTrack.m in Sources */ = {isa = PBXBuildFile; fileRef = 2F92C27C2BA1A2F900C59B99 /* SDPAutoTrack.m */; };
		2F92C2C32BA1A2FA00C59B99 /* UIImage+SDPAutoTrack.m in Sources */ = {isa = PBXBuildFile; fileRef = 2F92C27D2BA1A2F900C59B99 /* UIImage+SDPAutoTrack.m */; };
		2F92C2C42BA1A2FA00C59B99 /* SDPAnalyticsSDK.m in Sources */ = {isa = PBXBuildFile; fileRef = 2F92C2802BA1A2F900C59B99 /* SDPAnalyticsSDK.m */; };
		2F92C2C52BA1A2FA00C59B99 /* SDPAnalyticsManager.m in Sources */ = {isa = PBXBuildFile; fileRef = 2F92C2822BA1A2F900C59B99 /* SDPAnalyticsManager.m */; };
		2F92C2C62BA1A2FA00C59B99 /* SDPAnalyticsSDK+AutoTrack.m in Sources */ = {isa = PBXBuildFile; fileRef = 2F92C2862BA1A2F900C59B99 /* SDPAnalyticsSDK+AutoTrack.m */; };
		2F92C2C72BA1A2FA00C59B99 /* SDPAnalyticsReachability.m in Sources */ = {isa = PBXBuildFile; fileRef = 2F92C2872BA1A2F900C59B99 /* SDPAnalyticsReachability.m */; };
		2F92C2C82BA1A2FA00C59B99 /* SDPReportManager.m in Sources */ = {isa = PBXBuildFile; fileRef = 2F92C2892BA1A2F900C59B99 /* SDPReportManager.m */; };
		2F92C2C92BA1A2FA00C59B99 /* SDPDBManager.m in Sources */ = {isa = PBXBuildFile; fileRef = 2F92C28A2BA1A2F900C59B99 /* SDPDBManager.m */; };
		2F92C2CA2BA1A2FA00C59B99 /* SDPEncryptManager.m in Sources */ = {isa = PBXBuildFile; fileRef = 2F92C28B2BA1A2F900C59B99 /* SDPEncryptManager.m */; };
		2F92C2CB2BA1A2FA00C59B99 /* SDPAnalyticsExtraPropsProtocol.m in Sources */ = {isa = PBXBuildFile; fileRef = 2F92C28F2BA1A2F900C59B99 /* SDPAnalyticsExtraPropsProtocol.m */; };
		2F92C2CC2BA1A2FA00C59B99 /* SDPAutoTrackUtils.m in Sources */ = {isa = PBXBuildFile; fileRef = 2F92C2912BA1A2F900C59B99 /* SDPAutoTrackUtils.m */; };
		2F92C2CD2BA1A2FA00C59B99 /* README.md in Resources */ = {isa = PBXBuildFile; fileRef = 2F92C2932BA1A2F900C59B99 /* README.md */; };
		2FBF73DF2A20F5BE000CD815 /* config.xml in Resources */ = {isa = PBXBuildFile; fileRef = 2FBF73DE2A20F5BE000CD815 /* config.xml */; };
		2FE101BD2A36EEB600E4986F /* www in Resources */ = {isa = PBXBuildFile; fileRef = 2FE101BC2A36EEB600E4986F /* www */; };
/* End PBXBuildFile section */

/* Begin PBXContainerItemProxy section */
		2F7C827E2A205B8C006986B3 /* PBXContainerItemProxy */ = {
			isa = PBXContainerItemProxy;
			containerPortal = 2F7C825A2A205B8B006986B3 /* Project object */;
			proxyType = 1;
			remoteGlobalIDString = 2F7C82612A205B8B006986B3;
			remoteInfo = Example;
		};
		2F7C82882A205B8C006986B3 /* PBXContainerItemProxy */ = {
			isa = PBXContainerItemProxy;
			containerPortal = 2F7C825A2A205B8B006986B3 /* Project object */;
			proxyType = 1;
			remoteGlobalIDString = 2F7C82612A205B8B006986B3;
			remoteInfo = Example;
		};
/* End PBXContainerItemProxy section */

/* Begin PBXFileReference section */
		2F7C82622A205B8B006986B3 /* Example.app */ = {isa = PBXFileReference; explicitFileType = wrapper.application; includeInIndex = 0; path = Example.app; sourceTree = BUILT_PRODUCTS_DIR; };
		2F7C82652A205B8B006986B3 /* AppDelegate.h */ = {isa = PBXFileReference; lastKnownFileType = sourcecode.c.h; path = AppDelegate.h; sourceTree = "<group>"; };
		2F7C82662A205B8B006986B3 /* AppDelegate.m */ = {isa = PBXFileReference; lastKnownFileType = sourcecode.c.objc; path = AppDelegate.m; sourceTree = "<group>"; };
		2F7C826B2A205B8B006986B3 /* ViewController.h */ = {isa = PBXFileReference; lastKnownFileType = sourcecode.c.h; path = ViewController.h; sourceTree = "<group>"; };
		2F7C826C2A205B8B006986B3 /* ViewController.m */ = {isa = PBXFileReference; lastKnownFileType = sourcecode.c.objc; path = ViewController.m; sourceTree = "<group>"; };
		2F7C826F2A205B8B006986B3 /* Base */ = {isa = PBXFileReference; lastKnownFileType = file.storyboard; name = Base; path = Base.lproj/Main.storyboard; sourceTree = "<group>"; };
		2F7C82712A205B8C006986B3 /* Assets.xcassets */ = {isa = PBXFileReference; lastKnownFileType = folder.assetcatalog; path = Assets.xcassets; sourceTree = "<group>"; };
		2F7C82742A205B8C006986B3 /* Base */ = {isa = PBXFileReference; lastKnownFileType = file.storyboard; name = Base; path = Base.lproj/LaunchScreen.storyboard; sourceTree = "<group>"; };
		2F7C82762A205B8C006986B3 /* Info.plist */ = {isa = PBXFileReference; lastKnownFileType = text.plist.xml; path = Info.plist; sourceTree = "<group>"; };
		2F7C82772A205B8C006986B3 /* main.m */ = {isa = PBXFileReference; lastKnownFileType = sourcecode.c.objc; path = main.m; sourceTree = "<group>"; };
		2F7C827D2A205B8C006986B3 /* ExampleTests.xctest */ = {isa = PBXFileReference; explicitFileType = wrapper.cfbundle; includeInIndex = 0; path = ExampleTests.xctest; sourceTree = BUILT_PRODUCTS_DIR; };
		2F7C82812A205B8C006986B3 /* ExampleTests.m */ = {isa = PBXFileReference; lastKnownFileType = sourcecode.c.objc; path = ExampleTests.m; sourceTree = "<group>"; };
		2F7C82872A205B8C006986B3 /* ExampleUITests.xctest */ = {isa = PBXFileReference; explicitFileType = wrapper.cfbundle; includeInIndex = 0; path = ExampleUITests.xctest; sourceTree = BUILT_PRODUCTS_DIR; };
		2F7C828B2A205B8C006986B3 /* ExampleUITests.m */ = {isa = PBXFileReference; lastKnownFileType = sourcecode.c.objc; path = ExampleUITests.m; sourceTree = "<group>"; };
		2F7C828D2A205B8C006986B3 /* ExampleUITestsLaunchTests.m */ = {isa = PBXFileReference; lastKnownFileType = sourcecode.c.objc; path = ExampleUITestsLaunchTests.m; sourceTree = "<group>"; };
		2F92C2062BA1A25600C59B99 /* NSEncryptPlugin.h */ = {isa = PBXFileReference; lastKnownFileType = sourcecode.c.h; path = NSEncryptPlugin.h; sourceTree = "<group>"; };
		2F92C2072BA1A25600C59B99 /* NSEncryptPlugin.m */ = {isa = PBXFileReference; lastKnownFileType = sourcecode.c.objc; path = NSEncryptPlugin.m; sourceTree = "<group>"; };
		2F92C20B2BA1A2F900C59B99 /* LICENSE */ = {isa = PBXFileReference; fileEncoding = 4; lastKnownFileType = text; path = LICENSE; sourceTree = "<group>"; };
		2F92C20F2BA1A2F900C59B99 /* SPNavigationController.m */ = {isa = PBXFileReference; fileEncoding = 4; lastKnownFileType = sourcecode.c.objc; path = SPNavigationController.m; sourceTree = "<group>"; };
		2F92C2102BA1A2F900C59B99 /* SPNavigationController.h */ = {isa = PBXFileReference; fileEncoding = 4; lastKnownFileType = sourcecode.c.h; path = SPNavigationController.h; sourceTree = "<group>"; };
		2F92C2122BA1A2F900C59B99 /* SPBaseViewController.m */ = {isa = PBXFileReference; fileEncoding = 4; lastKnownFileType = sourcecode.c.objc; path = SPBaseViewController.m; sourceTree = "<group>"; };
		2F92C2132BA1A2F900C59B99 /* SPBaseViewController.h */ = {isa = PBXFileReference; fileEncoding = 4; lastKnownFileType = sourcecode.c.h; path = SPBaseViewController.h; sourceTree = "<group>"; };
		2F92C2172BA1A2F900C59B99 /* SPMerchantRequest.m */ = {isa = PBXFileReference; fileEncoding = 4; lastKnownFileType = sourcecode.c.objc; path = SPMerchantRequest.m; sourceTree = "<group>"; };
		2F92C2182BA1A2F900C59B99 /* SPMerchantHeaderInterceptor.h */ = {isa = PBXFileReference; fileEncoding = 4; lastKnownFileType = sourcecode.c.h; path = SPMerchantHeaderInterceptor.h; sourceTree = "<group>"; };
		2F92C2192BA1A2F900C59B99 /* SPMerchantGenericNetResponse.m */ = {isa = PBXFileReference; fileEncoding = 4; lastKnownFileType = sourcecode.c.objc; path = SPMerchantGenericNetResponse.m; sourceTree = "<group>"; };
		2F92C21A2BA1A2F900C59B99 /* SPMerchantNetCallImp.h */ = {isa = PBXFileReference; fileEncoding = 4; lastKnownFileType = sourcecode.c.h; path = SPMerchantNetCallImp.h; sourceTree = "<group>"; };
		2F92C21B2BA1A2F900C59B99 /* SPMerchantHeaderInterceptor.m */ = {isa = PBXFileReference; fileEncoding = 4; lastKnownFileType = sourcecode.c.objc; path = SPMerchantHeaderInterceptor.m; sourceTree = "<group>"; };
		2F92C21C2BA1A2F900C59B99 /* SPMerchantRequest.h */ = {isa = PBXFileReference; fileEncoding = 4; lastKnownFileType = sourcecode.c.h; path = SPMerchantRequest.h; sourceTree = "<group>"; };
		2F92C21D2BA1A2F900C59B99 /* SPMerchantNetCallImp.m */ = {isa = PBXFileReference; fileEncoding = 4; lastKnownFileType = sourcecode.c.objc; path = SPMerchantNetCallImp.m; sourceTree = "<group>"; };
		2F92C21E2BA1A2F900C59B99 /* SPMerchantGenericNetResponse.h */ = {isa = PBXFileReference; fileEncoding = 4; lastKnownFileType = sourcecode.c.h; path = SPMerchantGenericNetResponse.h; sourceTree = "<group>"; };
		2F92C2202BA1A2F900C59B99 /* SPWalletRequest.m */ = {isa = PBXFileReference; fileEncoding = 4; lastKnownFileType = sourcecode.c.objc; path = SPWalletRequest.m; sourceTree = "<group>"; };
		2F92C2212BA1A2F900C59B99 /* SPWalletNetCallImp.m */ = {isa = PBXFileReference; fileEncoding = 4; lastKnownFileType = sourcecode.c.objc; path = SPWalletNetCallImp.m; sourceTree = "<group>"; };
		2F92C2222BA1A2F900C59B99 /* SPWalletInterceptor.h */ = {isa = PBXFileReference; fileEncoding = 4; lastKnownFileType = sourcecode.c.h; path = SPWalletInterceptor.h; sourceTree = "<group>"; };
		2F92C2232BA1A2F900C59B99 /* SPWalletGenericNetResponse.m */ = {isa = PBXFileReference; fileEncoding = 4; lastKnownFileType = sourcecode.c.objc; path = SPWalletGenericNetResponse.m; sourceTree = "<group>"; };
		2F92C2242BA1A2F900C59B99 /* SPWalletNetCallImp.h */ = {isa = PBXFileReference; fileEncoding = 4; lastKnownFileType = sourcecode.c.h; path = SPWalletNetCallImp.h; sourceTree = "<group>"; };
		2F92C2252BA1A2F900C59B99 /* SPWalletRequest.h */ = {isa = PBXFileReference; fileEncoding = 4; lastKnownFileType = sourcecode.c.h; path = SPWalletRequest.h; sourceTree = "<group>"; };
		2F92C2262BA1A2F900C59B99 /* SPWalletGenericNetResponse.h */ = {isa = PBXFileReference; fileEncoding = 4; lastKnownFileType = sourcecode.c.h; path = SPWalletGenericNetResponse.h; sourceTree = "<group>"; };
		2F92C2272BA1A2F900C59B99 /* SPWalletInterceptor.m */ = {isa = PBXFileReference; fileEncoding = 4; lastKnownFileType = sourcecode.c.objc; path = SPWalletInterceptor.m; sourceTree = "<group>"; };
		2F92C2292BA1A2F900C59B99 /* SPNetProtocol.h */ = {isa = PBXFileReference; fileEncoding = 4; lastKnownFileType = sourcecode.c.h; path = SPNetProtocol.h; sourceTree = "<group>"; };
		2F92C22A2BA1A2F900C59B99 /* SDPNetworkSessionManager.m */ = {isa = PBXFileReference; fileEncoding = 4; lastKnownFileType = sourcecode.c.objc; path = SDPNetworkSessionManager.m; sourceTree = "<group>"; };
		2F92C22B2BA1A2F900C59B99 /* SPNetworkConfig.h */ = {isa = PBXFileReference; fileEncoding = 4; lastKnownFileType = sourcecode.c.h; path = SPNetworkConfig.h; sourceTree = "<group>"; };
		2F92C22D2BA1A2F900C59B99 /* SDPIPDirect.h */ = {isa = PBXFileReference; fileEncoding = 4; lastKnownFileType = sourcecode.c.h; path = SDPIPDirect.h; sourceTree = "<group>"; };
		2F92C22E2BA1A2F900C59B99 /* SDPIPDirect.m */ = {isa = PBXFileReference; fileEncoding = 4; lastKnownFileType = sourcecode.c.objc; path = SDPIPDirect.m; sourceTree = "<group>"; };
		2F92C22F2BA1A2F900C59B99 /* SPHttpManager.h */ = {isa = PBXFileReference; fileEncoding = 4; lastKnownFileType = sourcecode.c.h; path = SPHttpManager.h; sourceTree = "<group>"; };
		2F92C2302BA1A2F900C59B99 /* SPNetResponse.h */ = {isa = PBXFileReference; fileEncoding = 4; lastKnownFileType = sourcecode.c.h; path = SPNetResponse.h; sourceTree = "<group>"; };
		2F92C2312BA1A2F900C59B99 /* SDPNetwork.h */ = {isa = PBXFileReference; fileEncoding = 4; lastKnownFileType = sourcecode.c.h; path = SDPNetwork.h; sourceTree = "<group>"; };
		2F92C2322BA1A2F900C59B99 /* SPSingleHttpToolBox.h */ = {isa = PBXFileReference; fileEncoding = 4; lastKnownFileType = sourcecode.c.h; path = SPSingleHttpToolBox.h; sourceTree = "<group>"; };
		2F92C2332BA1A2F900C59B99 /* SPNetCall.h */ = {isa = PBXFileReference; fileEncoding = 4; lastKnownFileType = sourcecode.c.h; path = SPNetCall.h; sourceTree = "<group>"; };
		2F92C2342BA1A2F900C59B99 /* SDPSecurityPolicy.m */ = {isa = PBXFileReference; fileEncoding = 4; lastKnownFileType = sourcecode.c.objc; path = SDPSecurityPolicy.m; sourceTree = "<group>"; };
		2F92C2352BA1A2F900C59B99 /* SDPNetworkInterceptor.m */ = {isa = PBXFileReference; fileEncoding = 4; lastKnownFileType = sourcecode.c.objc; path = SDPNetworkInterceptor.m; sourceTree = "<group>"; };
		2F92C2362BA1A2F900C59B99 /* SPNetRequest.h */ = {isa = PBXFileReference; fileEncoding = 4; lastKnownFileType = sourcecode.c.h; path = SPNetRequest.h; sourceTree = "<group>"; };
		2F92C2372BA1A2F900C59B99 /* SPNetCallImp.m */ = {isa = PBXFileReference; fileEncoding = 4; lastKnownFileType = sourcecode.c.objc; path = SPNetCallImp.m; sourceTree = "<group>"; };
		2F92C2382BA1A2F900C59B99 /* SPNetwork.h */ = {isa = PBXFileReference; fileEncoding = 4; lastKnownFileType = sourcecode.c.h; path = SPNetwork.h; sourceTree = "<group>"; };
		2F92C2392BA1A2F900C59B99 /* SPNetworkConfig.m */ = {isa = PBXFileReference; fileEncoding = 4; lastKnownFileType = sourcecode.c.objc; path = SPNetworkConfig.m; sourceTree = "<group>"; };
		2F92C23A2BA1A2F900C59B99 /* SDPNetworkSessionManager.h */ = {isa = PBXFileReference; fileEncoding = 4; lastKnownFileType = sourcecode.c.h; path = SDPNetworkSessionManager.h; sourceTree = "<group>"; };
		2F92C23B2BA1A2F900C59B99 /* SPSingleHttpToolBox.m */ = {isa = PBXFileReference; fileEncoding = 4; lastKnownFileType = sourcecode.c.objc; path = SPSingleHttpToolBox.m; sourceTree = "<group>"; };
		2F92C23C2BA1A2F900C59B99 /* SPNetCall.m */ = {isa = PBXFileReference; fileEncoding = 4; lastKnownFileType = sourcecode.c.objc; path = SPNetCall.m; sourceTree = "<group>"; };
		2F92C23D2BA1A2F900C59B99 /* SPNetResponse.m */ = {isa = PBXFileReference; fileEncoding = 4; lastKnownFileType = sourcecode.c.objc; path = SPNetResponse.m; sourceTree = "<group>"; };
		2F92C23E2BA1A2F900C59B99 /* SPHttpManager.m */ = {isa = PBXFileReference; fileEncoding = 4; lastKnownFileType = sourcecode.c.objc; path = SPHttpManager.m; sourceTree = "<group>"; };
		2F92C2402BA1A2F900C59B99 /* RSAEncryptor.h */ = {isa = PBXFileReference; fileEncoding = 4; lastKnownFileType = sourcecode.c.h; path = RSAEncryptor.h; sourceTree = "<group>"; };
		2F92C2412BA1A2F900C59B99 /* SDPSecurityRSA.h */ = {isa = PBXFileReference; fileEncoding = 4; lastKnownFileType = sourcecode.c.h; path = SDPSecurityRSA.h; sourceTree = "<group>"; };
		2F92C2422BA1A2F900C59B99 /* RSAManager.h */ = {isa = PBXFileReference; fileEncoding = 4; lastKnownFileType = sourcecode.c.h; path = RSAManager.h; sourceTree = "<group>"; };
		2F92C2432BA1A2F900C59B99 /* AESEncryptor.m */ = {isa = PBXFileReference; fileEncoding = 4; lastKnownFileType = sourcecode.c.objc; path = AESEncryptor.m; sourceTree = "<group>"; };
		2F92C2442BA1A2F900C59B99 /* RSAEncryptor.m */ = {isa = PBXFileReference; fileEncoding = 4; lastKnownFileType = sourcecode.c.objc; path = RSAEncryptor.m; sourceTree = "<group>"; };
		2F92C2452BA1A2F900C59B99 /* RSAManager.m */ = {isa = PBXFileReference; fileEncoding = 4; lastKnownFileType = sourcecode.c.objc; path = RSAManager.m; sourceTree = "<group>"; };
		2F92C2462BA1A2F900C59B99 /* SDPSecurityRSA.m */ = {isa = PBXFileReference; fileEncoding = 4; lastKnownFileType = sourcecode.c.objc; path = SDPSecurityRSA.m; sourceTree = "<group>"; };
		2F92C2472BA1A2F900C59B99 /* AESEncryptor.h */ = {isa = PBXFileReference; fileEncoding = 4; lastKnownFileType = sourcecode.c.h; path = AESEncryptor.h; sourceTree = "<group>"; };
		2F92C2482BA1A2F900C59B99 /* SDPNetworkInterceptor.h */ = {isa = PBXFileReference; fileEncoding = 4; lastKnownFileType = sourcecode.c.h; path = SDPNetworkInterceptor.h; sourceTree = "<group>"; };
		2F92C2492BA1A2F900C59B99 /* SPNetRequest.m */ = {isa = PBXFileReference; fileEncoding = 4; lastKnownFileType = sourcecode.c.objc; path = SPNetRequest.m; sourceTree = "<group>"; };
		2F92C24A2BA1A2F900C59B99 /* SDPSecurityPolicy.h */ = {isa = PBXFileReference; fileEncoding = 4; lastKnownFileType = sourcecode.c.h; path = SDPSecurityPolicy.h; sourceTree = "<group>"; };
		2F92C24B2BA1A2F900C59B99 /* SPNetwork.m */ = {isa = PBXFileReference; fileEncoding = 4; lastKnownFileType = sourcecode.c.objc; path = SPNetwork.m; sourceTree = "<group>"; };
		2F92C24C2BA1A2F900C59B99 /* SPNetCallImp.h */ = {isa = PBXFileReference; fileEncoding = 4; lastKnownFileType = sourcecode.c.h; path = SPNetCallImp.h; sourceTree = "<group>"; };
		2F92C24F2BA1A2F900C59B99 /* NSData+Conversion.m */ = {isa = PBXFileReference; fileEncoding = 4; lastKnownFileType = sourcecode.c.objc; path = "NSData+Conversion.m"; sourceTree = "<group>"; };
		2F92C2502BA1A2F900C59B99 /* NSData+Base64.h */ = {isa = PBXFileReference; fileEncoding = 4; lastKnownFileType = sourcecode.c.h; path = "NSData+Base64.h"; sourceTree = "<group>"; };
		2F92C2512BA1A2F900C59B99 /* NSString+SP.m */ = {isa = PBXFileReference; fileEncoding = 4; lastKnownFileType = sourcecode.c.objc; path = "NSString+SP.m"; sourceTree = "<group>"; };
		2F92C2522BA1A2F900C59B99 /* NSData+Conversion.h */ = {isa = PBXFileReference; fileEncoding = 4; lastKnownFileType = sourcecode.c.h; path = "NSData+Conversion.h"; sourceTree = "<group>"; };
		2F92C2532BA1A2F900C59B99 /* NSString+SP.h */ = {isa = PBXFileReference; fileEncoding = 4; lastKnownFileType = sourcecode.c.h; path = "NSString+SP.h"; sourceTree = "<group>"; };
		2F92C2542BA1A2F900C59B99 /* NSData+Base64.m */ = {isa = PBXFileReference; fileEncoding = 4; lastKnownFileType = sourcecode.c.objc; path = "NSData+Base64.m"; sourceTree = "<group>"; };
		2F92C2552BA1A2F900C59B99 /* SPCore.m */ = {isa = PBXFileReference; fileEncoding = 4; lastKnownFileType = sourcecode.c.objc; path = SPCore.m; sourceTree = "<group>"; };
		2F92C2562BA1A2F900C59B99 /* SPCore.h */ = {isa = PBXFileReference; fileEncoding = 4; lastKnownFileType = sourcecode.c.h; path = SPCore.h; sourceTree = "<group>"; };
		2F92C2582BA1A2F900C59B99 /* SPCheckAppVersionUpgrade.m */ = {isa = PBXFileReference; fileEncoding = 4; lastKnownFileType = sourcecode.c.objc; path = SPCheckAppVersionUpgrade.m; sourceTree = "<group>"; };
		2F92C2592BA1A2F900C59B99 /* CheckVersionReq.h */ = {isa = PBXFileReference; fileEncoding = 4; lastKnownFileType = sourcecode.c.h; path = CheckVersionReq.h; sourceTree = "<group>"; };
		2F92C25A2BA1A2F900C59B99 /* CheckVersionResp.h */ = {isa = PBXFileReference; fileEncoding = 4; lastKnownFileType = sourcecode.c.h; path = CheckVersionResp.h; sourceTree = "<group>"; };
		2F92C25B2BA1A2F900C59B99 /* CheckVersionReq.m */ = {isa = PBXFileReference; fileEncoding = 4; lastKnownFileType = sourcecode.c.objc; path = CheckVersionReq.m; sourceTree = "<group>"; };
		2F92C25C2BA1A2F900C59B99 /* SPCheckAppVersionUpgrade.h */ = {isa = PBXFileReference; fileEncoding = 4; lastKnownFileType = sourcecode.c.h; path = SPCheckAppVersionUpgrade.h; sourceTree = "<group>"; };
		2F92C25D2BA1A2F900C59B99 /* CheckVersionResp.m */ = {isa = PBXFileReference; fileEncoding = 4; lastKnownFileType = sourcecode.c.objc; path = CheckVersionResp.m; sourceTree = "<group>"; };
		2F92C2602BA1A2F900C59B99 /* SDPAutoTrackProtocol.h */ = {isa = PBXFileReference; fileEncoding = 4; lastKnownFileType = sourcecode.c.h; path = SDPAutoTrackProtocol.h; sourceTree = "<group>"; };
		2F92C2622BA1A2F900C59B99 /* SDPFMDatabasePool.h */ = {isa = PBXFileReference; fileEncoding = 4; lastKnownFileType = sourcecode.c.h; path = SDPFMDatabasePool.h; sourceTree = "<group>"; };
		2F92C2632BA1A2F900C59B99 /* SDPFMResultSet.h */ = {isa = PBXFileReference; fileEncoding = 4; lastKnownFileType = sourcecode.c.h; path = SDPFMResultSet.h; sourceTree = "<group>"; };
		2F92C2642BA1A2F900C59B99 /* SDPFMDatabaseQueue.m */ = {isa = PBXFileReference; fileEncoding = 4; lastKnownFileType = sourcecode.c.objc; path = SDPFMDatabaseQueue.m; sourceTree = "<group>"; };
		2F92C2652BA1A2F900C59B99 /* SDPFMDatabaseAdditions.m */ = {isa = PBXFileReference; fileEncoding = 4; lastKnownFileType = sourcecode.c.objc; path = SDPFMDatabaseAdditions.m; sourceTree = "<group>"; };
		2F92C2662BA1A2F900C59B99 /* SDPFMDatabase.m */ = {isa = PBXFileReference; fileEncoding = 4; lastKnownFileType = sourcecode.c.objc; path = SDPFMDatabase.m; sourceTree = "<group>"; };
		2F92C2672BA1A2F900C59B99 /* SDPFMDatabasePool.m */ = {isa = PBXFileReference; fileEncoding = 4; lastKnownFileType = sourcecode.c.objc; path = SDPFMDatabasePool.m; sourceTree = "<group>"; };
		2F92C2682BA1A2F900C59B99 /* SDPFMDB.h */ = {isa = PBXFileReference; fileEncoding = 4; lastKnownFileType = sourcecode.c.h; path = SDPFMDB.h; sourceTree = "<group>"; };
		2F92C2692BA1A2F900C59B99 /* SDPFMDatabaseQueue.h */ = {isa = PBXFileReference; fileEncoding = 4; lastKnownFileType = sourcecode.c.h; path = SDPFMDatabaseQueue.h; sourceTree = "<group>"; };
		2F92C26A2BA1A2F900C59B99 /* SDPFMResultSet.m */ = {isa = PBXFileReference; fileEncoding = 4; lastKnownFileType = sourcecode.c.objc; path = SDPFMResultSet.m; sourceTree = "<group>"; };
		2F92C26B2BA1A2F900C59B99 /* SDPFMDatabase.h */ = {isa = PBXFileReference; fileEncoding = 4; lastKnownFileType = sourcecode.c.h; path = SDPFMDatabase.h; sourceTree = "<group>"; };
		2F92C26C2BA1A2F900C59B99 /* SDPFMDatabaseAdditions.h */ = {isa = PBXFileReference; fileEncoding = 4; lastKnownFileType = sourcecode.c.h; path = SDPFMDatabaseAdditions.h; sourceTree = "<group>"; };
		2F92C26D2BA1A2F900C59B99 /* SDPAutoTrackElementIsIgnoredProtocol.m */ = {isa = PBXFileReference; fileEncoding = 4; lastKnownFileType = sourcecode.c.objc; path = SDPAutoTrackElementIsIgnoredProtocol.m; sourceTree = "<group>"; };
		2F92C26E2BA1A2F900C59B99 /* SDPAutoTrack.h */ = {isa = PBXFileReference; fileEncoding = 4; lastKnownFileType = sourcecode.c.h; path = SDPAutoTrack.h; sourceTree = "<group>"; };
		2F92C26F2BA1A2F900C59B99 /* UIImage+SDPAutoTrack.h */ = {isa = PBXFileReference; fileEncoding = 4; lastKnownFileType = sourcecode.c.h; path = "UIImage+SDPAutoTrack.h"; sourceTree = "<group>"; };
		2F92C2702BA1A2F900C59B99 /* SDPAnalyticsManager.h */ = {isa = PBXFileReference; fileEncoding = 4; lastKnownFileType = sourcecode.c.h; path = SDPAnalyticsManager.h; sourceTree = "<group>"; };
		2F92C2712BA1A2F900C59B99 /* UIView+SDPAutoTrack.m */ = {isa = PBXFileReference; fileEncoding = 4; lastKnownFileType = sourcecode.c.objc; path = "UIView+SDPAutoTrack.m"; sourceTree = "<group>"; };
		2F92C2722BA1A2F900C59B99 /* SDPAnalyticsSDK.h */ = {isa = PBXFileReference; fileEncoding = 4; lastKnownFileType = sourcecode.c.h; path = SDPAnalyticsSDK.h; sourceTree = "<group>"; };
		2F92C2732BA1A2F900C59B99 /* UIViewController+SDPAutoTrack.m */ = {isa = PBXFileReference; fileEncoding = 4; lastKnownFileType = sourcecode.c.objc; path = "UIViewController+SDPAutoTrack.m"; sourceTree = "<group>"; };
		2F92C2742BA1A2F900C59B99 /* UIGestureRecognizer+SDPAutoTrack.m */ = {isa = PBXFileReference; fileEncoding = 4; lastKnownFileType = sourcecode.c.objc; path = "UIGestureRecognizer+SDPAutoTrack.m"; sourceTree = "<group>"; };
		2F92C2752BA1A2F900C59B99 /* SDPAutoTrackConstants.m */ = {isa = PBXFileReference; fileEncoding = 4; lastKnownFileType = sourcecode.c.objc; path = SDPAutoTrackConstants.m; sourceTree = "<group>"; };
		2F92C2762BA1A2F900C59B99 /* UIView+SDPAutoTrackTableHeaderFooterView.m */ = {isa = PBXFileReference; fileEncoding = 4; lastKnownFileType = sourcecode.c.objc; path = "UIView+SDPAutoTrackTableHeaderFooterView.m"; sourceTree = "<group>"; };
		2F92C2772BA1A2F900C59B99 /* SDPAutoTrackUtils.h */ = {isa = PBXFileReference; fileEncoding = 4; lastKnownFileType = sourcecode.c.h; path = SDPAutoTrackUtils.h; sourceTree = "<group>"; };
		2F92C2782BA1A2F900C59B99 /* SDPAspects.m */ = {isa = PBXFileReference; fileEncoding = 4; lastKnownFileType = sourcecode.c.objc; path = SDPAspects.m; sourceTree = "<group>"; };
		2F92C2792BA1A2F900C59B99 /* SDPAnalyticsExtraPropsProtocol.h */ = {isa = PBXFileReference; fileEncoding = 4; lastKnownFileType = sourcecode.c.h; path = SDPAnalyticsExtraPropsProtocol.h; sourceTree = "<group>"; };
		2F92C27A2BA1A2F900C59B99 /* SDPAnalyticsReachability.h */ = {isa = PBXFileReference; fileEncoding = 4; lastKnownFileType = sourcecode.c.h; path = SDPAnalyticsReachability.h; sourceTree = "<group>"; };
		2F92C27B2BA1A2F900C59B99 /* SDPAnalyticsSDK+AutoTrack.h */ = {isa = PBXFileReference; fileEncoding = 4; lastKnownFileType = sourcecode.c.h; path = "SDPAnalyticsSDK+AutoTrack.h"; sourceTree = "<group>"; };
		2F92C27C2BA1A2F900C59B99 /* SDPAutoTrack.m */ = {isa = PBXFileReference; fileEncoding = 4; lastKnownFileType = sourcecode.c.objc; path = SDPAutoTrack.m; sourceTree = "<group>"; };
		2F92C27D2BA1A2F900C59B99 /* UIImage+SDPAutoTrack.m */ = {isa = PBXFileReference; fileEncoding = 4; lastKnownFileType = sourcecode.c.objc; path = "UIImage+SDPAutoTrack.m"; sourceTree = "<group>"; };
		2F92C27E2BA1A2F900C59B99 /* SDPAutoTrackElementIsIgnoredProtocol.h */ = {isa = PBXFileReference; fileEncoding = 4; lastKnownFileType = sourcecode.c.h; path = SDPAutoTrackElementIsIgnoredProtocol.h; sourceTree = "<group>"; };
		2F92C27F2BA1A2F900C59B99 /* UIViewController+SDPAutoTrack.h */ = {isa = PBXFileReference; fileEncoding = 4; lastKnownFileType = sourcecode.c.h; path = "UIViewController+SDPAutoTrack.h"; sourceTree = "<group>"; };
		2F92C2802BA1A2F900C59B99 /* SDPAnalyticsSDK.m */ = {isa = PBXFileReference; fileEncoding = 4; lastKnownFileType = sourcecode.c.objc; path = SDPAnalyticsSDK.m; sourceTree = "<group>"; };
		2F92C2812BA1A2F900C59B99 /* UIView+SDPAutoTrack.h */ = {isa = PBXFileReference; fileEncoding = 4; lastKnownFileType = sourcecode.c.h; path = "UIView+SDPAutoTrack.h"; sourceTree = "<group>"; };
		2F92C2822BA1A2F900C59B99 /* SDPAnalyticsManager.m */ = {isa = PBXFileReference; fileEncoding = 4; lastKnownFileType = sourcecode.c.objc; path = SDPAnalyticsManager.m; sourceTree = "<group>"; };
		2F92C2832BA1A2F900C59B99 /* SDPAutoTrackConstants.h */ = {isa = PBXFileReference; fileEncoding = 4; lastKnownFileType = sourcecode.c.h; path = SDPAutoTrackConstants.h; sourceTree = "<group>"; };
		2F92C2842BA1A2F900C59B99 /* SDPAutoTrackProperty.h */ = {isa = PBXFileReference; fileEncoding = 4; lastKnownFileType = sourcecode.c.h; path = SDPAutoTrackProperty.h; sourceTree = "<group>"; };
		2F92C2852BA1A2F900C59B99 /* UIGestureRecognizer+SDPAutoTrack.h */ = {isa = PBXFileReference; fileEncoding = 4; lastKnownFileType = sourcecode.c.h; path = "UIGestureRecognizer+SDPAutoTrack.h"; sourceTree = "<group>"; };
		2F92C2862BA1A2F900C59B99 /* SDPAnalyticsSDK+AutoTrack.m */ = {isa = PBXFileReference; fileEncoding = 4; lastKnownFileType = sourcecode.c.objc; path = "SDPAnalyticsSDK+AutoTrack.m"; sourceTree = "<group>"; };
		2F92C2872BA1A2F900C59B99 /* SDPAnalyticsReachability.m */ = {isa = PBXFileReference; fileEncoding = 4; lastKnownFileType = sourcecode.c.objc; path = SDPAnalyticsReachability.m; sourceTree = "<group>"; };
		2F92C2892BA1A2F900C59B99 /* SDPReportManager.m */ = {isa = PBXFileReference; fileEncoding = 4; lastKnownFileType = sourcecode.c.objc; path = SDPReportManager.m; sourceTree = "<group>"; };
		2F92C28A2BA1A2F900C59B99 /* SDPDBManager.m */ = {isa = PBXFileReference; fileEncoding = 4; lastKnownFileType = sourcecode.c.objc; path = SDPDBManager.m; sourceTree = "<group>"; };
		2F92C28B2BA1A2F900C59B99 /* SDPEncryptManager.m */ = {isa = PBXFileReference; fileEncoding = 4; lastKnownFileType = sourcecode.c.objc; path = SDPEncryptManager.m; sourceTree = "<group>"; };
		2F92C28C2BA1A2F900C59B99 /* SDPReportManager.h */ = {isa = PBXFileReference; fileEncoding = 4; lastKnownFileType = sourcecode.c.h; path = SDPReportManager.h; sourceTree = "<group>"; };
		2F92C28D2BA1A2F900C59B99 /* SDPDBManager.h */ = {isa = PBXFileReference; fileEncoding = 4; lastKnownFileType = sourcecode.c.h; path = SDPDBManager.h; sourceTree = "<group>"; };
		2F92C28E2BA1A2F900C59B99 /* SDPEncryptManager.h */ = {isa = PBXFileReference; fileEncoding = 4; lastKnownFileType = sourcecode.c.h; path = SDPEncryptManager.h; sourceTree = "<group>"; };
		2F92C28F2BA1A2F900C59B99 /* SDPAnalyticsExtraPropsProtocol.m */ = {isa = PBXFileReference; fileEncoding = 4; lastKnownFileType = sourcecode.c.objc; path = SDPAnalyticsExtraPropsProtocol.m; sourceTree = "<group>"; };
		2F92C2902BA1A2F900C59B99 /* SDPAspects.h */ = {isa = PBXFileReference; fileEncoding = 4; lastKnownFileType = sourcecode.c.h; path = SDPAspects.h; sourceTree = "<group>"; };
		2F92C2912BA1A2F900C59B99 /* SDPAutoTrackUtils.m */ = {isa = PBXFileReference; fileEncoding = 4; lastKnownFileType = sourcecode.c.objc; path = SDPAutoTrackUtils.m; sourceTree = "<group>"; };
		2F92C2922BA1A2F900C59B99 /* UIView+SDPAutoTrackTableHeaderFooterView.h */ = {isa = PBXFileReference; fileEncoding = 4; lastKnownFileType = sourcecode.c.h; path = "UIView+SDPAutoTrackTableHeaderFooterView.h"; sourceTree = "<group>"; };
		2F92C2932BA1A2F900C59B99 /* README.md */ = {isa = PBXFileReference; fileEncoding = 4; lastKnownFileType = net.daringfireball.markdown; path = README.md; sourceTree = "<group>"; };
		2FBF73DE2A20F5BE000CD815 /* config.xml */ = {isa = PBXFileReference; fileEncoding = 4; lastKnownFileType = text.xml; path = config.xml; sourceTree = "<group>"; };
		2FE101BC2A36EEB600E4986F /* www */ = {isa = PBXFileReference; lastKnownFileType = folder; path = www; sourceTree = "<group>"; };
		A4ADD739F9E2988EBF756B91 /* libPods-Common-Example.a */ = {isa = PBXFileReference; explicitFileType = archive.ar; includeInIndex = 0; path = "libPods-Common-Example.a"; sourceTree = BUILT_PRODUCTS_DIR; };
		C250DFE649386263C863E2E2 /* Pods-Common-Example.release.xcconfig */ = {isa = PBXFileReference; includeInIndex = 1; lastKnownFileType = text.xcconfig; name = "Pods-Common-Example.release.xcconfig"; path = "Target Support Files/Pods-Common-Example/Pods-Common-Example.release.xcconfig"; sourceTree = "<group>"; };
		C9DA26995DB6B385E09FE349 /* Pods-Common-Example.debug.xcconfig */ = {isa = PBXFileReference; includeInIndex = 1; lastKnownFileType = text.xcconfig; name = "Pods-Common-Example.debug.xcconfig"; path = "Target Support Files/Pods-Common-Example/Pods-Common-Example.debug.xcconfig"; sourceTree = "<group>"; };
/* End PBXFileReference section */

/* Begin PBXFrameworksBuildPhase section */
		2F7C825F2A205B8B006986B3 /* Frameworks */ = {
			isa = PBXFrameworksBuildPhase;
			buildActionMask = 2147483647;
			files = (
				237B4DED2DAAD58BCB6BEA39 /* libPods-Common-Example.a in Frameworks */,
			);
			runOnlyForDeploymentPostprocessing = 0;
		};
		2F7C827A2A205B8C006986B3 /* Frameworks */ = {
			isa = PBXFrameworksBuildPhase;
			buildActionMask = 2147483647;
			files = (
			);
			runOnlyForDeploymentPostprocessing = 0;
		};
		2F7C82842A205B8C006986B3 /* Frameworks */ = {
			isa = PBXFrameworksBuildPhase;
			buildActionMask = 2147483647;
			files = (
			);
			runOnlyForDeploymentPostprocessing = 0;
		};
/* End PBXFrameworksBuildPhase section */

/* Begin PBXGroup section */
		090A5ECB3D0CBDFAD4A02736 /* Frameworks */ = {
			isa = PBXGroup;
			children = (
				A4ADD739F9E2988EBF756B91 /* libPods-Common-Example.a */,
			);
			name = Frameworks;
			sourceTree = "<group>";
		};
		2F7C82592A205B8B006986B3 = {
			isa = PBXGroup;
			children = (
				2F7C82642A205B8B006986B3 /* Example */,
				2F7C82802A205B8C006986B3 /* ExampleTests */,
				2F7C828A2A205B8C006986B3 /* ExampleUITests */,
				2F7C82632A205B8B006986B3 /* Products */,
				6F0956793A9E63612CE08052 /* Pods */,
				090A5ECB3D0CBDFAD4A02736 /* Frameworks */,
			);
			sourceTree = "<group>";
		};
		2F7C82632A205B8B006986B3 /* Products */ = {
			isa = PBXGroup;
			children = (
				2F7C82622A205B8B006986B3 /* Example.app */,
				2F7C827D2A205B8C006986B3 /* ExampleTests.xctest */,
				2F7C82872A205B8C006986B3 /* ExampleUITests.xctest */,
			);
			name = Products;
			sourceTree = "<group>";
		};
		2F7C82642A205B8B006986B3 /* Example */ = {
			isa = PBXGroup;
			children = (
				2F7C82652A205B8B006986B3 /* AppDelegate.h */,
				2F7C82662A205B8B006986B3 /* AppDelegate.m */,
				2F7C82712A205B8C006986B3 /* Assets.xcassets */,
				2FBF73DE2A20F5BE000CD815 /* config.xml */,
				2F92C2052BA1A22400C59B99 /* CustomPlugin */,
				2F7C82762A205B8C006986B3 /* Info.plist */,
				2F7C82732A205B8C006986B3 /* LaunchScreen.storyboard */,
				2F7C82772A205B8C006986B3 /* main.m */,
				2F7C826E2A205B8B006986B3 /* Main.storyboard */,
				2F92C20A2BA1A2F900C59B99 /* SPKit */,
				2F7C826B2A205B8B006986B3 /* ViewController.h */,
				2F7C826C2A205B8B006986B3 /* ViewController.m */,
				2FE101BC2A36EEB600E4986F /* www */,
			);
			path = Example;
			sourceTree = "<group>";
		};
		2F7C82802A205B8C006986B3 /* ExampleTests */ = {
			isa = PBXGroup;
			children = (
				2F7C82812A205B8C006986B3 /* ExampleTests.m */,
			);
			path = ExampleTests;
			sourceTree = "<group>";
		};
		2F7C828A2A205B8C006986B3 /* ExampleUITests */ = {
			isa = PBXGroup;
			children = (
				2F7C828B2A205B8C006986B3 /* ExampleUITests.m */,
				2F7C828D2A205B8C006986B3 /* ExampleUITestsLaunchTests.m */,
			);
			path = ExampleUITests;
			sourceTree = "<group>";
		};
		2F92C2052BA1A22400C59B99 /* CustomPlugin */ = {
			isa = PBXGroup;
			children = (
				2F92C2092BA1A29900C59B99 /* Encrypt */,
			);
			path = CustomPlugin;
			sourceTree = "<group>";
		};
		2F92C2092BA1A29900C59B99 /* Encrypt */ = {
			isa = PBXGroup;
			children = (
				2F92C2062BA1A25600C59B99 /* NSEncryptPlugin.h */,
				2F92C2072BA1A25600C59B99 /* NSEncryptPlugin.m */,
			);
			path = Encrypt;
			sourceTree = "<group>";
		};
		2F92C20A2BA1A2F900C59B99 /* SPKit */ = {
			isa = PBXGroup;
			children = (
				2F92C20B2BA1A2F900C59B99 /* LICENSE */,
				2F92C20C2BA1A2F900C59B99 /* SPKit */,
				2F92C2932BA1A2F900C59B99 /* README.md */,
			);
			path = SPKit;
			sourceTree = "<group>";
		};
		2F92C20C2BA1A2F900C59B99 /* SPKit */ = {
			isa = PBXGroup;
			children = (
				2F92C25E2BA1A2F900C59B99 /* SDPAnalyticsSDK */,
				2F92C2572BA1A2F900C59B99 /* SPCheckAppVersionUpgrade */,
				2F92C24D2BA1A2F900C59B99 /* SPCore */,
				2F92C2142BA1A2F900C59B99 /* SPNetwork */,
				2F92C20D2BA1A2F900C59B99 /* SPUIKit */,
			);
			path = SPKit;
			sourceTree = "<group>";
		};
		2F92C20D2BA1A2F900C59B99 /* SPUIKit */ = {
			isa = PBXGroup;
			children = (
				2F92C20E2BA1A2F900C59B99 /* SPNavigationController */,
				2F92C2112BA1A2F900C59B99 /* SPBaseViewController */,
			);
			path = SPUIKit;
			sourceTree = "<group>";
		};
		2F92C20E2BA1A2F900C59B99 /* SPNavigationController */ = {
			isa = PBXGroup;
			children = (
				2F92C20F2BA1A2F900C59B99 /* SPNavigationController.m */,
				2F92C2102BA1A2F900C59B99 /* SPNavigationController.h */,
			);
			path = SPNavigationController;
			sourceTree = "<group>";
		};
		2F92C2112BA1A2F900C59B99 /* SPBaseViewController */ = {
			isa = PBXGroup;
			children = (
				2F92C2122BA1A2F900C59B99 /* SPBaseViewController.m */,
				2F92C2132BA1A2F900C59B99 /* SPBaseViewController.h */,
			);
			path = SPBaseViewController;
			sourceTree = "<group>";
		};
		2F92C2142BA1A2F900C59B99 /* SPNetwork */ = {
			isa = PBXGroup;
			children = (
				2F92C2152BA1A2F900C59B99 /* biz */,
				2F92C2282BA1A2F900C59B99 /* Classes */,
			);
			path = SPNetwork;
			sourceTree = "<group>";
		};
		2F92C2152BA1A2F900C59B99 /* biz */ = {
			isa = PBXGroup;
			children = (
				2F92C2162BA1A2F900C59B99 /* SPMerchantGateway */,
				2F92C21F2BA1A2F900C59B99 /* SPWalletGateway */,
			);
			path = biz;
			sourceTree = "<group>";
		};
		2F92C2162BA1A2F900C59B99 /* SPMerchantGateway */ = {
			isa = PBXGroup;
			children = (
				2F92C2172BA1A2F900C59B99 /* SPMerchantRequest.m */,
				2F92C2182BA1A2F900C59B99 /* SPMerchantHeaderInterceptor.h */,
				2F92C2192BA1A2F900C59B99 /* SPMerchantGenericNetResponse.m */,
				2F92C21A2BA1A2F900C59B99 /* SPMerchantNetCallImp.h */,
				2F92C21B2BA1A2F900C59B99 /* SPMerchantHeaderInterceptor.m */,
				2F92C21C2BA1A2F900C59B99 /* SPMerchantRequest.h */,
				2F92C21D2BA1A2F900C59B99 /* SPMerchantNetCallImp.m */,
				2F92C21E2BA1A2F900C59B99 /* SPMerchantGenericNetResponse.h */,
			);
			path = SPMerchantGateway;
			sourceTree = "<group>";
		};
		2F92C21F2BA1A2F900C59B99 /* SPWalletGateway */ = {
			isa = PBXGroup;
			children = (
				2F92C2202BA1A2F900C59B99 /* SPWalletRequest.m */,
				2F92C2212BA1A2F900C59B99 /* SPWalletNetCallImp.m */,
				2F92C2222BA1A2F900C59B99 /* SPWalletInterceptor.h */,
				2F92C2232BA1A2F900C59B99 /* SPWalletGenericNetResponse.m */,
				2F92C2242BA1A2F900C59B99 /* SPWalletNetCallImp.h */,
				2F92C2252BA1A2F900C59B99 /* SPWalletRequest.h */,
				2F92C2262BA1A2F900C59B99 /* SPWalletGenericNetResponse.h */,
				2F92C2272BA1A2F900C59B99 /* SPWalletInterceptor.m */,
			);
			path = SPWalletGateway;
			sourceTree = "<group>";
		};
		2F92C2282BA1A2F900C59B99 /* Classes */ = {
			isa = PBXGroup;
			children = (
				2F92C2292BA1A2F900C59B99 /* SPNetProtocol.h */,
				2F92C22A2BA1A2F900C59B99 /* SDPNetworkSessionManager.m */,
				2F92C22B2BA1A2F900C59B99 /* SPNetworkConfig.h */,
				2F92C22C2BA1A2F900C59B99 /* SDPIPDirect */,
				2F92C22F2BA1A2F900C59B99 /* SPHttpManager.h */,
				2F92C2302BA1A2F900C59B99 /* SPNetResponse.h */,
				2F92C2312BA1A2F900C59B99 /* SDPNetwork.h */,
				2F92C2322BA1A2F900C59B99 /* SPSingleHttpToolBox.h */,
				2F92C2332BA1A2F900C59B99 /* SPNetCall.h */,
				2F92C2342BA1A2F900C59B99 /* SDPSecurityPolicy.m */,
				2F92C2352BA1A2F900C59B99 /* SDPNetworkInterceptor.m */,
				2F92C2362BA1A2F900C59B99 /* SPNetRequest.h */,
				2F92C2372BA1A2F900C59B99 /* SPNetCallImp.m */,
				2F92C2382BA1A2F900C59B99 /* SPNetwork.h */,
				2F92C2392BA1A2F900C59B99 /* SPNetworkConfig.m */,
				2F92C23A2BA1A2F900C59B99 /* SDPNetworkSessionManager.h */,
				2F92C23B2BA1A2F900C59B99 /* SPSingleHttpToolBox.m */,
				2F92C23C2BA1A2F900C59B99 /* SPNetCall.m */,
				2F92C23D2BA1A2F900C59B99 /* SPNetResponse.m */,
				2F92C23E2BA1A2F900C59B99 /* SPHttpManager.m */,
				2F92C23F2BA1A2F900C59B99 /* Secret */,
				2F92C2482BA1A2F900C59B99 /* SDPNetworkInterceptor.h */,
				2F92C2492BA1A2F900C59B99 /* SPNetRequest.m */,
				2F92C24A2BA1A2F900C59B99 /* SDPSecurityPolicy.h */,
				2F92C24B2BA1A2F900C59B99 /* SPNetwork.m */,
				2F92C24C2BA1A2F900C59B99 /* SPNetCallImp.h */,
			);
			path = Classes;
			sourceTree = "<group>";
		};
		2F92C22C2BA1A2F900C59B99 /* SDPIPDirect */ = {
			isa = PBXGroup;
			children = (
				2F92C22D2BA1A2F900C59B99 /* SDPIPDirect.h */,
				2F92C22E2BA1A2F900C59B99 /* SDPIPDirect.m */,
			);
			path = SDPIPDirect;
			sourceTree = "<group>";
		};
		2F92C23F2BA1A2F900C59B99 /* Secret */ = {
			isa = PBXGroup;
			children = (
				2F92C2402BA1A2F900C59B99 /* RSAEncryptor.h */,
				2F92C2412BA1A2F900C59B99 /* SDPSecurityRSA.h */,
				2F92C2422BA1A2F900C59B99 /* RSAManager.h */,
				2F92C2432BA1A2F900C59B99 /* AESEncryptor.m */,
				2F92C2442BA1A2F900C59B99 /* RSAEncryptor.m */,
				2F92C2452BA1A2F900C59B99 /* RSAManager.m */,
				2F92C2462BA1A2F900C59B99 /* SDPSecurityRSA.m */,
				2F92C2472BA1A2F900C59B99 /* AESEncryptor.h */,
			);
			path = Secret;
			sourceTree = "<group>";
		};
		2F92C24D2BA1A2F900C59B99 /* SPCore */ = {
			isa = PBXGroup;
			children = (
				2F92C24E2BA1A2F900C59B99 /* Category */,
				2F92C2562BA1A2F900C59B99 /* SPCore.h */,
				2F92C2552BA1A2F900C59B99 /* SPCore.m */,
			);
			path = SPCore;
			sourceTree = "<group>";
		};
		2F92C24E2BA1A2F900C59B99 /* Category */ = {
			isa = PBXGroup;
			children = (
				2F92C2502BA1A2F900C59B99 /* NSData+Base64.h */,
				2F92C2542BA1A2F900C59B99 /* NSData+Base64.m */,
				2F92C2522BA1A2F900C59B99 /* NSData+Conversion.h */,
				2F92C24F2BA1A2F900C59B99 /* NSData+Conversion.m */,
				2F92C2532BA1A2F900C59B99 /* NSString+SP.h */,
				2F92C2512BA1A2F900C59B99 /* NSString+SP.m */,
			);
			path = Category;
			sourceTree = "<group>";
		};
		2F92C2572BA1A2F900C59B99 /* SPCheckAppVersionUpgrade */ = {
			isa = PBXGroup;
			children = (
				2F92C2592BA1A2F900C59B99 /* CheckVersionReq.h */,
				2F92C25B2BA1A2F900C59B99 /* CheckVersionReq.m */,
				2F92C25A2BA1A2F900C59B99 /* CheckVersionResp.h */,
				2F92C25D2BA1A2F900C59B99 /* CheckVersionResp.m */,
				2F92C25C2BA1A2F900C59B99 /* SPCheckAppVersionUpgrade.h */,
				2F92C2582BA1A2F900C59B99 /* SPCheckAppVersionUpgrade.m */,
			);
			path = SPCheckAppVersionUpgrade;
			sourceTree = "<group>";
		};
		2F92C25E2BA1A2F900C59B99 /* SDPAnalyticsSDK */ = {
			isa = PBXGroup;
			children = (
				2F92C25F2BA1A2F900C59B99 /* SDPAnalyticsSDK */,
			);
			path = SDPAnalyticsSDK;
			sourceTree = "<group>";
		};
		2F92C25F2BA1A2F900C59B99 /* SDPAnalyticsSDK */ = {
			isa = PBXGroup;
			children = (
				2F92C2792BA1A2F900C59B99 /* SDPAnalyticsExtraPropsProtocol.h */,
				2F92C28F2BA1A2F900C59B99 /* SDPAnalyticsExtraPropsProtocol.m */,
				2F92C2702BA1A2F900C59B99 /* SDPAnalyticsManager.h */,
				2F92C2822BA1A2F900C59B99 /* SDPAnalyticsManager.m */,
				2F92C27A2BA1A2F900C59B99 /* SDPAnalyticsReachability.h */,
				2F92C2872BA1A2F900C59B99 /* SDPAnalyticsReachability.m */,
				2F92C2722BA1A2F900C59B99 /* SDPAnalyticsSDK.h */,
				2F92C2802BA1A2F900C59B99 /* SDPAnalyticsSDK.m */,
				2F92C27B2BA1A2F900C59B99 /* SDPAnalyticsSDK+AutoTrack.h */,
				2F92C2862BA1A2F900C59B99 /* SDPAnalyticsSDK+AutoTrack.m */,
				2F92C2902BA1A2F900C59B99 /* SDPAspects.h */,
				2F92C2782BA1A2F900C59B99 /* SDPAspects.m */,
				2F92C26E2BA1A2F900C59B99 /* SDPAutoTrack.h */,
				2F92C27C2BA1A2F900C59B99 /* SDPAutoTrack.m */,
				2F92C2832BA1A2F900C59B99 /* SDPAutoTrackConstants.h */,
				2F92C2752BA1A2F900C59B99 /* SDPAutoTrackConstants.m */,
				2F92C27E2BA1A2F900C59B99 /* SDPAutoTrackElementIsIgnoredProtocol.h */,
				2F92C26D2BA1A2F900C59B99 /* SDPAutoTrackElementIsIgnoredProtocol.m */,
				2F92C2842BA1A2F900C59B99 /* SDPAutoTrackProperty.h */,
				2F92C2602BA1A2F900C59B99 /* SDPAutoTrackProtocol.h */,
				2F92C2772BA1A2F900C59B99 /* SDPAutoTrackUtils.h */,
				2F92C2912BA1A2F900C59B99 /* SDPAutoTrackUtils.m */,
				2F92C2882BA1A2F900C59B99 /* SDPDataManager */,
				2F92C2612BA1A2F900C59B99 /* SDPFMDB */,
				2F92C2852BA1A2F900C59B99 /* UIGestureRecognizer+SDPAutoTrack.h */,
				2F92C2742BA1A2F900C59B99 /* UIGestureRecognizer+SDPAutoTrack.m */,
				2F92C26F2BA1A2F900C59B99 /* UIImage+SDPAutoTrack.h */,
				2F92C27D2BA1A2F900C59B99 /* UIImage+SDPAutoTrack.m */,
				2F92C2812BA1A2F900C59B99 /* UIView+SDPAutoTrack.h */,
				2F92C2712BA1A2F900C59B99 /* UIView+SDPAutoTrack.m */,
				2F92C2922BA1A2F900C59B99 /* UIView+SDPAutoTrackTableHeaderFooterView.h */,
				2F92C2762BA1A2F900C59B99 /* UIView+SDPAutoTrackTableHeaderFooterView.m */,
				2F92C27F2BA1A2F900C59B99 /* UIViewController+SDPAutoTrack.h */,
				2F92C2732BA1A2F900C59B99 /* UIViewController+SDPAutoTrack.m */,
			);
			path = SDPAnalyticsSDK;
			sourceTree = "<group>";
		};
		2F92C2612BA1A2F900C59B99 /* SDPFMDB */ = {
			isa = PBXGroup;
			children = (
				2F92C26B2BA1A2F900C59B99 /* SDPFMDatabase.h */,
				2F92C2662BA1A2F900C59B99 /* SDPFMDatabase.m */,
				2F92C26C2BA1A2F900C59B99 /* SDPFMDatabaseAdditions.h */,
				2F92C2652BA1A2F900C59B99 /* SDPFMDatabaseAdditions.m */,
				2F92C2622BA1A2F900C59B99 /* SDPFMDatabasePool.h */,
				2F92C2672BA1A2F900C59B99 /* SDPFMDatabasePool.m */,
				2F92C2692BA1A2F900C59B99 /* SDPFMDatabaseQueue.h */,
				2F92C2642BA1A2F900C59B99 /* SDPFMDatabaseQueue.m */,
				2F92C2682BA1A2F900C59B99 /* SDPFMDB.h */,
				2F92C2632BA1A2F900C59B99 /* SDPFMResultSet.h */,
				2F92C26A2BA1A2F900C59B99 /* SDPFMResultSet.m */,
			);
			path = SDPFMDB;
			sourceTree = "<group>";
		};
		2F92C2882BA1A2F900C59B99 /* SDPDataManager */ = {
			isa = PBXGroup;
			children = (
				2F92C28D2BA1A2F900C59B99 /* SDPDBManager.h */,
				2F92C28A2BA1A2F900C59B99 /* SDPDBManager.m */,
				2F92C28E2BA1A2F900C59B99 /* SDPEncryptManager.h */,
				2F92C28B2BA1A2F900C59B99 /* SDPEncryptManager.m */,
				2F92C28C2BA1A2F900C59B99 /* SDPReportManager.h */,
				2F92C2892BA1A2F900C59B99 /* SDPReportManager.m */,
			);
			path = SDPDataManager;
			sourceTree = "<group>";
		};
		6F0956793A9E63612CE08052 /* Pods */ = {
			isa = PBXGroup;
			children = (
				C9DA26995DB6B385E09FE349 /* Pods-Common-Example.debug.xcconfig */,
				C250DFE649386263C863E2E2 /* Pods-Common-Example.release.xcconfig */,
			);
			path = Pods;
			sourceTree = "<group>";
		};
/* End PBXGroup section */

/* Begin PBXNativeTarget section */
		2F7C82612A205B8B006986B3 /* Example */ = {
			isa = PBXNativeTarget;
			buildConfigurationList = 2F7C82912A205B8C006986B3 /* Build configuration list for PBXNativeTarget "Example" */;
			buildPhases = (
				60081109056267822EA640BF /* [CP] Check Pods Manifest.lock */,
				2F7C825E2A205B8B006986B3 /* Sources */,
				2F7C825F2A205B8B006986B3 /* Frameworks */,
				2F7C82602A205B8B006986B3 /* Resources */,
				7057BDD2499932A62AFD020F /* [CP] Copy Pods Resources */,
			);
			buildRules = (
			);
			dependencies = (
			);
			name = Example;
			productName = Example;
			productReference = 2F7C82622A205B8B006986B3 /* Example.app */;
			productType = "com.apple.product-type.application";
		};
		2F7C827C2A205B8C006986B3 /* ExampleTests */ = {
			isa = PBXNativeTarget;
			buildConfigurationList = 2F7C82942A205B8C006986B3 /* Build configuration list for PBXNativeTarget "ExampleTests" */;
			buildPhases = (
				2F7C82792A205B8C006986B3 /* Sources */,
				2F7C827A2A205B8C006986B3 /* Frameworks */,
				2F7C827B2A205B8C006986B3 /* Resources */,
			);
			buildRules = (
			);
			dependencies = (
				2F7C827F2A205B8C006986B3 /* PBXTargetDependency */,
			);
			name = ExampleTests;
			productName = ExampleTests;
			productReference = 2F7C827D2A205B8C006986B3 /* ExampleTests.xctest */;
			productType = "com.apple.product-type.bundle.unit-test";
		};
		2F7C82862A205B8C006986B3 /* ExampleUITests */ = {
			isa = PBXNativeTarget;
			buildConfigurationList = 2F7C82972A205B8C006986B3 /* Build configuration list for PBXNativeTarget "ExampleUITests" */;
			buildPhases = (
				2F7C82832A205B8C006986B3 /* Sources */,
				2F7C82842A205B8C006986B3 /* Frameworks */,
				2F7C82852A205B8C006986B3 /* Resources */,
			);
			buildRules = (
			);
			dependencies = (
				2F7C82892A205B8C006986B3 /* PBXTargetDependency */,
			);
			name = ExampleUITests;
			productName = ExampleUITests;
			productReference = 2F7C82872A205B8C006986B3 /* ExampleUITests.xctest */;
			productType = "com.apple.product-type.bundle.ui-testing";
		};
/* End PBXNativeTarget section */

/* Begin PBXProject section */
		2F7C825A2A205B8B006986B3 /* Project object */ = {
			isa = PBXProject;
			attributes = {
				BuildIndependentTargetsInParallel = 1;
				LastUpgradeCheck = 1420;
				TargetAttributes = {
					2F7C82612A205B8B006986B3 = {
						CreatedOnToolsVersion = 14.2;
					};
					2F7C827C2A205B8C006986B3 = {
						CreatedOnToolsVersion = 14.2;
						TestTargetID = 2F7C82612A205B8B006986B3;
					};
					2F7C82862A205B8C006986B3 = {
						CreatedOnToolsVersion = 14.2;
						TestTargetID = 2F7C82612A205B8B006986B3;
					};
				};
			};
			buildConfigurationList = 2F7C825D2A205B8B006986B3 /* Build configuration list for PBXProject "Example" */;
			compatibilityVersion = "Xcode 14.0";
			developmentRegion = en;
			hasScannedForEncodings = 0;
			knownRegions = (
				en,
				Base,
			);
			mainGroup = 2F7C82592A205B8B006986B3;
			productRefGroup = 2F7C82632A205B8B006986B3 /* Products */;
			projectDirPath = "";
			projectRoot = "";
			targets = (
				2F7C82612A205B8B006986B3 /* Example */,
				2F7C827C2A205B8C006986B3 /* ExampleTests */,
				2F7C82862A205B8C006986B3 /* ExampleUITests */,
			);
		};
/* End PBXProject section */

/* Begin PBXResourcesBuildPhase section */
		2F7C82602A205B8B006986B3 /* Resources */ = {
			isa = PBXResourcesBuildPhase;
			buildActionMask = 2147483647;
			files = (
				2F92C2942BA1A2FA00C59B99 /* LICENSE in Resources */,
				2F7C82752A205B8C006986B3 /* LaunchScreen.storyboard in Resources */,
				2F7C82722A205B8C006986B3 /* Assets.xcassets in Resources */,
				2F92C2CD2BA1A2FA00C59B99 /* README.md in Resources */,
				2FE101BD2A36EEB600E4986F /* www in Resources */,
				2F7C82702A205B8B006986B3 /* Main.storyboard in Resources */,
				2FBF73DF2A20F5BE000CD815 /* config.xml in Resources */,
			);
			runOnlyForDeploymentPostprocessing = 0;
		};
		2F7C827B2A205B8C006986B3 /* Resources */ = {
			isa = PBXResourcesBuildPhase;
			buildActionMask = 2147483647;
			files = (
			);
			runOnlyForDeploymentPostprocessing = 0;
		};
		2F7C82852A205B8C006986B3 /* Resources */ = {
			isa = PBXResourcesBuildPhase;
			buildActionMask = 2147483647;
			files = (
			);
			runOnlyForDeploymentPostprocessing = 0;
		};
/* End PBXResourcesBuildPhase section */

/* Begin PBXShellScriptBuildPhase section */
		60081109056267822EA640BF /* [CP] Check Pods Manifest.lock */ = {
			isa = PBXShellScriptBuildPhase;
			buildActionMask = 2147483647;
			files = (
			);
			inputFileListPaths = (
			);
			inputPaths = (
				"${PODS_PODFILE_DIR_PATH}/Podfile.lock",
				"${PODS_ROOT}/Manifest.lock",
			);
			name = "[CP] Check Pods Manifest.lock";
			outputFileListPaths = (
			);
			outputPaths = (
				"$(DERIVED_FILE_DIR)/Pods-Common-Example-checkManifestLockResult.txt",
			);
			runOnlyForDeploymentPostprocessing = 0;
			shellPath = /bin/sh;
			shellScript = "diff \"${PODS_PODFILE_DIR_PATH}/Podfile.lock\" \"${PODS_ROOT}/Manifest.lock\" > /dev/null\nif [ $? != 0 ] ; then\n    # print error to STDERR\n    echo \"error: The sandbox is not in sync with the Podfile.lock. Run 'pod install' or update your CocoaPods installation.\" >&2\n    exit 1\nfi\n# This output is used by Xcode 'outputs' to avoid re-running this script phase.\necho \"SUCCESS\" > \"${SCRIPT_OUTPUT_FILE_0}\"\n";
			showEnvVarsInLog = 0;
		};
		7057BDD2499932A62AFD020F /* [CP] Copy Pods Resources */ = {
			isa = PBXShellScriptBuildPhase;
			buildActionMask = 2147483647;
			files = (
			);
			inputFileListPaths = (
				"${PODS_ROOT}/Target Support Files/Pods-Common-Example/Pods-Common-Example-resources-${CONFIGURATION}-input-files.xcfilelist",
			);
			name = "[CP] Copy Pods Resources";
			outputFileListPaths = (
				"${PODS_ROOT}/Target Support Files/Pods-Common-Example/Pods-Common-Example-resources-${CONFIGURATION}-output-files.xcfilelist",
			);
			runOnlyForDeploymentPostprocessing = 0;
			shellPath = /bin/sh;
			shellScript = "\"${PODS_ROOT}/Target Support Files/Pods-Common-Example/Pods-Common-Example-resources.sh\"\n";
			showEnvVarsInLog = 0;
		};
/* End PBXShellScriptBuildPhase section */

/* Begin PBXSourcesBuildPhase section */
		2F7C825E2A205B8B006986B3 /* Sources */ = {
			isa = PBXSourcesBuildPhase;
			buildActionMask = 2147483647;
			files = (
				2F92C2A82BA1A2FA00C59B99 /* SPHttpManager.m in Sources */,
				2F92C2AE2BA1A2FA00C59B99 /* SPNetwork.m in Sources */,
				2F92C2972BA1A2FA00C59B99 /* SPMerchantRequest.m in Sources */,
				2F92C2B32BA1A2FA00C59B99 /* SPCheckAppVersionUpgrade.m in Sources */,
				2F92C2B42BA1A2FA00C59B99 /* CheckVersionReq.m in Sources */,
				2F92C2BC2BA1A2FA00C59B99 /* UIView+SDPAutoTrack.m in Sources */,
				2F92C2BE2BA1A2FA00C59B99 /* UIGestureRecognizer+SDPAutoTrack.m in Sources */,
				2F92C2C12BA1A2FA00C59B99 /* SDPAspects.m in Sources */,
				2F92C29A2BA1A2FA00C59B99 /* SPMerchantNetCallImp.m in Sources */,
				2F92C2C52BA1A2FA00C59B99 /* SDPAnalyticsManager.m in Sources */,
				2F92C2982BA1A2FA00C59B99 /* SPMerchantGenericNetResponse.m in Sources */,
				2F92C2C32BA1A2FA00C59B99 /* UIImage+SDPAutoTrack.m in Sources */,
				2F92C2C02BA1A2FA00C59B99 /* UIView+SDPAutoTrackTableHeaderFooterView.m in Sources */,
				2F92C2AC2BA1A2FA00C59B99 /* SDPSecurityRSA.m in Sources */,
				2F92C2A02BA1A2FA00C59B99 /* SDPIPDirect.m in Sources */,
				2F92C2B52BA1A2FA00C59B99 /* CheckVersionResp.m in Sources */,
				2F92C2962BA1A2FA00C59B99 /* SPBaseViewController.m in Sources */,
				2F92C2B92BA1A2FA00C59B99 /* SDPFMDatabasePool.m in Sources */,
				2F92C2BF2BA1A2FA00C59B99 /* SDPAutoTrackConstants.m in Sources */,
				2F92C29B2BA1A2FA00C59B99 /* SPWalletRequest.m in Sources */,
				2F92C2A12BA1A2FA00C59B99 /* SDPSecurityPolicy.m in Sources */,
				2F7C826D2A205B8B006986B3 /* ViewController.m in Sources */,
				2F92C2C92BA1A2FA00C59B99 /* SDPDBManager.m in Sources */,
				2F92C2A22BA1A2FA00C59B99 /* SDPNetworkInterceptor.m in Sources */,
				2F92C2CC2BA1A2FA00C59B99 /* SDPAutoTrackUtils.m in Sources */,
				2F92C2B72BA1A2FA00C59B99 /* SDPFMDatabaseAdditions.m in Sources */,
				2F92C2A52BA1A2FA00C59B99 /* SPSingleHttpToolBox.m in Sources */,
				2F92C2B82BA1A2FA00C59B99 /* SDPFMDatabase.m in Sources */,
				2F92C2082BA1A25600C59B99 /* NSEncryptPlugin.m in Sources */,
				2F92C2C82BA1A2FA00C59B99 /* SDPReportManager.m in Sources */,
				2F92C2B12BA1A2FA00C59B99 /* NSData+Base64.m in Sources */,
				2F92C2CB2BA1A2FA00C59B99 /* SDPAnalyticsExtraPropsProtocol.m in Sources */,
				2F92C2B02BA1A2FA00C59B99 /* NSString+SP.m in Sources */,
				2F92C2A32BA1A2FA00C59B99 /* SPNetCallImp.m in Sources */,
				2F92C2B22BA1A2FA00C59B99 /* SPCore.m in Sources */,
				2F92C2A42BA1A2FA00C59B99 /* SPNetworkConfig.m in Sources */,
				2F92C2AD2BA1A2FA00C59B99 /* SPNetRequest.m in Sources */,
				2F92C29D2BA1A2FA00C59B99 /* SPWalletGenericNetResponse.m in Sources */,
				2F92C2AF2BA1A2FA00C59B99 /* NSData+Conversion.m in Sources */,
				2F92C2BA2BA1A2FA00C59B99 /* SDPFMResultSet.m in Sources */,
				2F7C82672A205B8B006986B3 /* AppDelegate.m in Sources */,
				2F92C29C2BA1A2FA00C59B99 /* SPWalletNetCallImp.m in Sources */,
				2F92C2992BA1A2FA00C59B99 /* SPMerchantHeaderInterceptor.m in Sources */,
				2F92C29E2BA1A2FA00C59B99 /* SPWalletInterceptor.m in Sources */,
				2F92C2C22BA1A2FA00C59B99 /* SDPAutoTrack.m in Sources */,
				2F92C2A62BA1A2FA00C59B99 /* SPNetCall.m in Sources */,
				2F92C2C62BA1A2FA00C59B99 /* SDPAnalyticsSDK+AutoTrack.m in Sources */,
				2F92C2CA2BA1A2FA00C59B99 /* SDPEncryptManager.m in Sources */,
				2F92C2C42BA1A2FA00C59B99 /* SDPAnalyticsSDK.m in Sources */,
				2F92C2AB2BA1A2FA00C59B99 /* RSAManager.m in Sources */,
				2F92C2B62BA1A2FA00C59B99 /* SDPFMDatabaseQueue.m in Sources */,
				2F92C2A92BA1A2FA00C59B99 /* AESEncryptor.m in Sources */,
				2F92C2C72BA1A2FA00C59B99 /* SDPAnalyticsReachability.m in Sources */,
				2F92C2952BA1A2FA00C59B99 /* SPNavigationController.m in Sources */,
				2F92C2BB2BA1A2FA00C59B99 /* SDPAutoTrackElementIsIgnoredProtocol.m in Sources */,
				2F92C2BD2BA1A2FA00C59B99 /* UIViewController+SDPAutoTrack.m in Sources */,
				2F92C29F2BA1A2FA00C59B99 /* SDPNetworkSessionManager.m in Sources */,
				2F92C2A72BA1A2FA00C59B99 /* SPNetResponse.m in Sources */,
				2F7C82782A205B8C006986B3 /* main.m in Sources */,
				2F92C2AA2BA1A2FA00C59B99 /* RSAEncryptor.m in Sources */,
			);
			runOnlyForDeploymentPostprocessing = 0;
		};
		2F7C82792A205B8C006986B3 /* Sources */ = {
			isa = PBXSourcesBuildPhase;
			buildActionMask = 2147483647;
			files = (
				2F7C82822A205B8C006986B3 /* ExampleTests.m in Sources */,
			);
			runOnlyForDeploymentPostprocessing = 0;
		};
		2F7C82832A205B8C006986B3 /* Sources */ = {
			isa = PBXSourcesBuildPhase;
			buildActionMask = 2147483647;
			files = (
				2F7C828C2A205B8C006986B3 /* ExampleUITests.m in Sources */,
				2F7C828E2A205B8C006986B3 /* ExampleUITestsLaunchTests.m in Sources */,
			);
			runOnlyForDeploymentPostprocessing = 0;
		};
/* End PBXSourcesBuildPhase section */

/* Begin PBXTargetDependency section */
		2F7C827F2A205B8C006986B3 /* PBXTargetDependency */ = {
			isa = PBXTargetDependency;
			target = 2F7C82612A205B8B006986B3 /* Example */;
			targetProxy = 2F7C827E2A205B8C006986B3 /* PBXContainerItemProxy */;
		};
		2F7C82892A205B8C006986B3 /* PBXTargetDependency */ = {
			isa = PBXTargetDependency;
			target = 2F7C82612A205B8B006986B3 /* Example */;
			targetProxy = 2F7C82882A205B8C006986B3 /* PBXContainerItemProxy */;
		};
/* End PBXTargetDependency section */

/* Begin PBXVariantGroup section */
		2F7C826E2A205B8B006986B3 /* Main.storyboard */ = {
			isa = PBXVariantGroup;
			children = (
				2F7C826F2A205B8B006986B3 /* Base */,
			);
			name = Main.storyboard;
			sourceTree = "<group>";
		};
		2F7C82732A205B8C006986B3 /* LaunchScreen.storyboard */ = {
			isa = PBXVariantGroup;
			children = (
				2F7C82742A205B8C006986B3 /* Base */,
			);
			name = LaunchScreen.storyboard;
			sourceTree = "<group>";
		};
/* End PBXVariantGroup section */

/* Begin XCBuildConfiguration section */
		2F7C828F2A205B8C006986B3 /* Debug */ = {
			isa = XCBuildConfiguration;
			buildSettings = {
				ALWAYS_SEARCH_USER_PATHS = NO;
				CLANG_ANALYZER_NONNULL = YES;
				CLANG_ANALYZER_NUMBER_OBJECT_CONVERSION = YES_AGGRESSIVE;
				CLANG_CXX_LANGUAGE_STANDARD = "gnu++20";
				CLANG_ENABLE_MODULES = YES;
				CLANG_ENABLE_OBJC_ARC = YES;
				CLANG_ENABLE_OBJC_WEAK = YES;
				CLANG_WARN_BLOCK_CAPTURE_AUTORELEASING = YES;
				CLANG_WARN_BOOL_CONVERSION = YES;
				CLANG_WARN_COMMA = YES;
				CLANG_WARN_CONSTANT_CONVERSION = YES;
				CLANG_WARN_DEPRECATED_OBJC_IMPLEMENTATIONS = YES;
				CLANG_WARN_DIRECT_OBJC_ISA_USAGE = YES_ERROR;
				CLANG_WARN_DOCUMENTATION_COMMENTS = YES;
				CLANG_WARN_EMPTY_BODY = YES;
				CLANG_WARN_ENUM_CONVERSION = YES;
				CLANG_WARN_INFINITE_RECURSION = YES;
				CLANG_WARN_INT_CONVERSION = YES;
				CLANG_WARN_NON_LITERAL_NULL_CONVERSION = YES;
				CLANG_WARN_OBJC_IMPLICIT_RETAIN_SELF = YES;
				CLANG_WARN_OBJC_LITERAL_CONVERSION = YES;
				CLANG_WARN_OBJC_ROOT_CLASS = YES_ERROR;
				CLANG_WARN_QUOTED_INCLUDE_IN_FRAMEWORK_HEADER = YES;
				CLANG_WARN_RANGE_LOOP_ANALYSIS = YES;
				CLANG_WARN_STRICT_PROTOTYPES = YES;
				CLANG_WARN_SUSPICIOUS_MOVE = YES;
				CLANG_WARN_UNGUARDED_AVAILABILITY = YES_AGGRESSIVE;
				CLANG_WARN_UNREACHABLE_CODE = YES;
				CLANG_WARN__DUPLICATE_METHOD_MATCH = YES;
				COPY_PHASE_STRIP = NO;
				DEBUG_INFORMATION_FORMAT = dwarf;
				ENABLE_STRICT_OBJC_MSGSEND = YES;
				ENABLE_TESTABILITY = YES;
				GCC_C_LANGUAGE_STANDARD = gnu11;
				GCC_DYNAMIC_NO_PIC = NO;
				GCC_NO_COMMON_BLOCKS = YES;
				GCC_OPTIMIZATION_LEVEL = 0;
				GCC_PREPROCESSOR_DEFINITIONS = (
					"DEBUG=1",
					"$(inherited)",
				);
				GCC_WARN_64_TO_32_BIT_CONVERSION = YES;
				GCC_WARN_ABOUT_RETURN_TYPE = YES_ERROR;
				GCC_WARN_UNDECLARED_SELECTOR = YES;
				GCC_WARN_UNINITIALIZED_AUTOS = YES_AGGRESSIVE;
				GCC_WARN_UNUSED_FUNCTION = YES;
				GCC_WARN_UNUSED_VARIABLE = YES;
				IPHONEOS_DEPLOYMENT_TARGET = 16.2;
				MTL_ENABLE_DEBUG_INFO = INCLUDE_SOURCE;
				MTL_FAST_MATH = YES;
				ONLY_ACTIVE_ARCH = YES;
				SDKROOT = iphoneos;
			};
			name = Debug;
		};
		2F7C82902A205B8C006986B3 /* Release */ = {
			isa = XCBuildConfiguration;
			buildSettings = {
				ALWAYS_SEARCH_USER_PATHS = NO;
				CLANG_ANALYZER_NONNULL = YES;
				CLANG_ANALYZER_NUMBER_OBJECT_CONVERSION = YES_AGGRESSIVE;
				CLANG_CXX_LANGUAGE_STANDARD = "gnu++20";
				CLANG_ENABLE_MODULES = YES;
				CLANG_ENABLE_OBJC_ARC = YES;
				CLANG_ENABLE_OBJC_WEAK = YES;
				CLANG_WARN_BLOCK_CAPTURE_AUTORELEASING = YES;
				CLANG_WARN_BOOL_CONVERSION = YES;
				CLANG_WARN_COMMA = YES;
				CLANG_WARN_CONSTANT_CONVERSION = YES;
				CLANG_WARN_DEPRECATED_OBJC_IMPLEMENTATIONS = YES;
				CLANG_WARN_DIRECT_OBJC_ISA_USAGE = YES_ERROR;
				CLANG_WARN_DOCUMENTATION_COMMENTS = YES;
				CLANG_WARN_EMPTY_BODY = YES;
				CLANG_WARN_ENUM_CONVERSION = YES;
				CLANG_WARN_INFINITE_RECURSION = YES;
				CLANG_WARN_INT_CONVERSION = YES;
				CLANG_WARN_NON_LITERAL_NULL_CONVERSION = YES;
				CLANG_WARN_OBJC_IMPLICIT_RETAIN_SELF = YES;
				CLANG_WARN_OBJC_LITERAL_CONVERSION = YES;
				CLANG_WARN_OBJC_ROOT_CLASS = YES_ERROR;
				CLANG_WARN_QUOTED_INCLUDE_IN_FRAMEWORK_HEADER = YES;
				CLANG_WARN_RANGE_LOOP_ANALYSIS = YES;
				CLANG_WARN_STRICT_PROTOTYPES = YES;
				CLANG_WARN_SUSPICIOUS_MOVE = YES;
				CLANG_WARN_UNGUARDED_AVAILABILITY = YES_AGGRESSIVE;
				CLANG_WARN_UNREACHABLE_CODE = YES;
				CLANG_WARN__DUPLICATE_METHOD_MATCH = YES;
				COPY_PHASE_STRIP = NO;
				DEBUG_INFORMATION_FORMAT = "dwarf-with-dsym";
				ENABLE_NS_ASSERTIONS = NO;
				ENABLE_STRICT_OBJC_MSGSEND = YES;
				GCC_C_LANGUAGE_STANDARD = gnu11;
				GCC_NO_COMMON_BLOCKS = YES;
				GCC_WARN_64_TO_32_BIT_CONVERSION = YES;
				GCC_WARN_ABOUT_RETURN_TYPE = YES_ERROR;
				GCC_WARN_UNDECLARED_SELECTOR = YES;
				GCC_WARN_UNINITIALIZED_AUTOS = YES_AGGRESSIVE;
				GCC_WARN_UNUSED_FUNCTION = YES;
				GCC_WARN_UNUSED_VARIABLE = YES;
				IPHONEOS_DEPLOYMENT_TARGET = 16.2;
				MTL_ENABLE_DEBUG_INFO = NO;
				MTL_FAST_MATH = YES;
				SDKROOT = iphoneos;
				VALIDATE_PRODUCT = YES;
			};
			name = Release;
		};
		2F7C82922A205B8C006986B3 /* Debug */ = {
			isa = XCBuildConfiguration;
			baseConfigurationReference = C9DA26995DB6B385E09FE349 /* Pods-Common-Example.debug.xcconfig */;
			buildSettings = {
				ASSETCATALOG_COMPILER_APPICON_NAME = AppIcon;
				ASSETCATALOG_COMPILER_GLOBAL_ACCENT_COLOR_NAME = AccentColor;
				CODE_SIGN_STYLE = Automatic;
				CURRENT_PROJECT_VERSION = 1;
				DEVELOPMENT_TEAM = 3RJC46HP4M;
				GENERATE_INFOPLIST_FILE = YES;
				INFOPLIST_FILE = Example/Info.plist;
				INFOPLIST_KEY_NSCameraUsageDescription = "'NSWebKit'需要您的同意,才能访问相机";
				INFOPLIST_KEY_NSLocalNetworkUsageDescription = "使用本地网络";
				INFOPLIST_KEY_NSLocationAlwaysAndWhenInUseUsageDescription = "'NSWebKit'需要您的同意,才能访问您的位置信息";
				INFOPLIST_KEY_NSLocationAlwaysUsageDescription = "'NSWebKit'需要您的同意,才能始终访问您的位置信息";
				INFOPLIST_KEY_NSLocationUsageDescription = "'NSWebKit'需要您的同意,才能访问您的位置信息";
				INFOPLIST_KEY_NSLocationWhenInUseUsageDescription = "'NSWebKit'需要您的同意,才能在使用期间访问您的位置";
				INFOPLIST_KEY_NSMicrophoneUsageDescription = "App需要您的同意,才能访问麦克风";
				INFOPLIST_KEY_NSPhotoLibraryAddUsageDescription = "'NSWebKit'需要您的同意,才能访问相册";
				INFOPLIST_KEY_NSPhotoLibraryUsageDescription = "'NSWebKit'需要您的同意,才能访问相册";
				INFOPLIST_KEY_UIApplicationSupportsIndirectInputEvents = YES;
				INFOPLIST_KEY_UILaunchStoryboardName = "";
				INFOPLIST_KEY_UIMainStoryboardFile = Main;
				INFOPLIST_KEY_UISupportedInterfaceOrientations_iPad = "UIInterfaceOrientationPortrait UIInterfaceOrientationPortraitUpsideDown UIInterfaceOrientationLandscapeLeft UIInterfaceOrientationLandscapeRight";
				INFOPLIST_KEY_UISupportedInterfaceOrientations_iPhone = "UIInterfaceOrientationPortrait UIInterfaceOrientationLandscapeLeft UIInterfaceOrientationLandscapeRight";
				IPHONEOS_DEPLOYMENT_TARGET = 9.0;
				LD_RUNPATH_SEARCH_PATHS = (
					"$(inherited)",
					"@executable_path/Frameworks",
				);
				MARKETING_VERSION = 1.0;
				PRODUCT_BUNDLE_IDENTIFIER = com.nswebkit;
				PRODUCT_NAME = "$(TARGET_NAME)";
				SWIFT_EMIT_LOC_STRINGS = YES;
				TARGETED_DEVICE_FAMILY = "1,2";
			};
			name = Debug;
		};
		2F7C82932A205B8C006986B3 /* Release */ = {
			isa = XCBuildConfiguration;
			baseConfigurationReference = C250DFE649386263C863E2E2 /* Pods-Common-Example.release.xcconfig */;
			buildSettings = {
				ASSETCATALOG_COMPILER_APPICON_NAME = AppIcon;
				ASSETCATALOG_COMPILER_GLOBAL_ACCENT_COLOR_NAME = AccentColor;
				CODE_SIGN_STYLE = Automatic;
				CURRENT_PROJECT_VERSION = 1;
				DEVELOPMENT_TEAM = 3RJC46HP4M;
				GENERATE_INFOPLIST_FILE = YES;
				INFOPLIST_FILE = Example/Info.plist;
				INFOPLIST_KEY_NSCameraUsageDescription = "'NSWebKit'需要您的同意,才能访问相机";
				INFOPLIST_KEY_NSLocalNetworkUsageDescription = "使用本地网络";
				INFOPLIST_KEY_NSLocationAlwaysAndWhenInUseUsageDescription = "'NSWebKit'需要您的同意,才能访问您的位置信息";
				INFOPLIST_KEY_NSLocationAlwaysUsageDescription = "'NSWebKit'需要您的同意,才能始终访问您的位置信息";
				INFOPLIST_KEY_NSLocationUsageDescription = "'NSWebKit'需要您的同意,才能访问您的位置信息";
				INFOPLIST_KEY_NSLocationWhenInUseUsageDescription = "'NSWebKit'需要您的同意,才能在使用期间访问您的位置";
				INFOPLIST_KEY_NSMicrophoneUsageDescription = "App需要您的同意,才能访问麦克风";
				INFOPLIST_KEY_NSPhotoLibraryAddUsageDescription = "'NSWebKit'需要您的同意,才能访问相册";
				INFOPLIST_KEY_NSPhotoLibraryUsageDescription = "'NSWebKit'需要您的同意,才能访问相册";
				INFOPLIST_KEY_UIApplicationSupportsIndirectInputEvents = YES;
				INFOPLIST_KEY_UILaunchStoryboardName = "";
				INFOPLIST_KEY_UIMainStoryboardFile = Main;
				INFOPLIST_KEY_UISupportedInterfaceOrientations_iPad = "UIInterfaceOrientationPortrait UIInterfaceOrientationPortraitUpsideDown UIInterfaceOrientationLandscapeLeft UIInterfaceOrientationLandscapeRight";
				INFOPLIST_KEY_UISupportedInterfaceOrientations_iPhone = "UIInterfaceOrientationPortrait UIInterfaceOrientationLandscapeLeft UIInterfaceOrientationLandscapeRight";
				IPHONEOS_DEPLOYMENT_TARGET = 9.0;
				LD_RUNPATH_SEARCH_PATHS = (
					"$(inherited)",
					"@executable_path/Frameworks",
				);
				MARKETING_VERSION = 1.0;
				PRODUCT_BUNDLE_IDENTIFIER = com.nswebkit;
				PRODUCT_NAME = "$(TARGET_NAME)";
				SWIFT_EMIT_LOC_STRINGS = YES;
				TARGETED_DEVICE_FAMILY = "1,2";
			};
			name = Release;
		};
		2F7C82952A205B8C006986B3 /* Debug */ = {
			isa = XCBuildConfiguration;
			buildSettings = {
				BUNDLE_LOADER = "$(TEST_HOST)";
				CODE_SIGN_STYLE = Automatic;
				CURRENT_PROJECT_VERSION = 1;
				DEVELOPMENT_TEAM = 3RJC46HP4M;
				GENERATE_INFOPLIST_FILE = YES;
				IPHONEOS_DEPLOYMENT_TARGET = 16.2;
				MARKETING_VERSION = 1.0;
				PRODUCT_BUNDLE_IDENTIFIER = com.nswebkit.ExampleTests;
				PRODUCT_NAME = "$(TARGET_NAME)";
				SWIFT_EMIT_LOC_STRINGS = NO;
				TARGETED_DEVICE_FAMILY = "1,2";
				TEST_HOST = "$(BUILT_PRODUCTS_DIR)/Example.app/$(BUNDLE_EXECUTABLE_FOLDER_PATH)/Example";
			};
			name = Debug;
		};
		2F7C82962A205B8C006986B3 /* Release */ = {
			isa = XCBuildConfiguration;
			buildSettings = {
				BUNDLE_LOADER = "$(TEST_HOST)";
				CODE_SIGN_STYLE = Automatic;
				CURRENT_PROJECT_VERSION = 1;
				DEVELOPMENT_TEAM = 3RJC46HP4M;
				GENERATE_INFOPLIST_FILE = YES;
				IPHONEOS_DEPLOYMENT_TARGET = 16.2;
				MARKETING_VERSION = 1.0;
				PRODUCT_BUNDLE_IDENTIFIER = com.nswebkit.ExampleTests;
				PRODUCT_NAME = "$(TARGET_NAME)";
				SWIFT_EMIT_LOC_STRINGS = NO;
				TARGETED_DEVICE_FAMILY = "1,2";
				TEST_HOST = "$(BUILT_PRODUCTS_DIR)/Example.app/$(BUNDLE_EXECUTABLE_FOLDER_PATH)/Example";
			};
			name = Release;
		};
		2F7C82982A205B8C006986B3 /* Debug */ = {
			isa = XCBuildConfiguration;
			buildSettings = {
				CODE_SIGN_STYLE = Automatic;
				CURRENT_PROJECT_VERSION = 1;
				DEVELOPMENT_TEAM = 3RJC46HP4M;
				GENERATE_INFOPLIST_FILE = YES;
				MARKETING_VERSION = 1.0;
				PRODUCT_BUNDLE_IDENTIFIER = com.nswebkit.ExampleUITests;
				PRODUCT_NAME = "$(TARGET_NAME)";
				SWIFT_EMIT_LOC_STRINGS = NO;
				TARGETED_DEVICE_FAMILY = "1,2";
				TEST_TARGET_NAME = Example;
			};
			name = Debug;
		};
		2F7C82992A205B8C006986B3 /* Release */ = {
			isa = XCBuildConfiguration;
			buildSettings = {
				CODE_SIGN_STYLE = Automatic;
				CURRENT_PROJECT_VERSION = 1;
				DEVELOPMENT_TEAM = 3RJC46HP4M;
				GENERATE_INFOPLIST_FILE = YES;
				MARKETING_VERSION = 1.0;
				PRODUCT_BUNDLE_IDENTIFIER = com.nswebkit.ExampleUITests;
				PRODUCT_NAME = "$(TARGET_NAME)";
				SWIFT_EMIT_LOC_STRINGS = NO;
				TARGETED_DEVICE_FAMILY = "1,2";
				TEST_TARGET_NAME = Example;
			};
			name = Release;
		};
/* End XCBuildConfiguration section */

/* Begin XCConfigurationList section */
		2F7C825D2A205B8B006986B3 /* Build configuration list for PBXProject "Example" */ = {
			isa = XCConfigurationList;
			buildConfigurations = (
				2F7C828F2A205B8C006986B3 /* Debug */,
				2F7C82902A205B8C006986B3 /* Release */,
			);
			defaultConfigurationIsVisible = 0;
			defaultConfigurationName = Release;
		};
		2F7C82912A205B8C006986B3 /* Build configuration list for PBXNativeTarget "Example" */ = {
			isa = XCConfigurationList;
			buildConfigurations = (
				2F7C82922A205B8C006986B3 /* Debug */,
				2F7C82932A205B8C006986B3 /* Release */,
			);
			defaultConfigurationIsVisible = 0;
			defaultConfigurationName = Release;
		};
		2F7C82942A205B8C006986B3 /* Build configuration list for PBXNativeTarget "ExampleTests" */ = {
			isa = XCConfigurationList;
			buildConfigurations = (
				2F7C82952A205B8C006986B3 /* Debug */,
				2F7C82962A205B8C006986B3 /* Release */,
			);
			defaultConfigurationIsVisible = 0;
			defaultConfigurationName = Release;
		};
		2F7C82972A205B8C006986B3 /* Build configuration list for PBXNativeTarget "ExampleUITests" */ = {
			isa = XCConfigurationList;
			buildConfigurations = (
				2F7C82982A205B8C006986B3 /* Debug */,
				2F7C82992A205B8C006986B3 /* Release */,
			);
			defaultConfigurationIsVisible = 0;
			defaultConfigurationName = Release;
		};
/* End XCConfigurationList section */
	};
	rootObject = 2F7C825A2A205B8B006986B3 /* Project object */;
}
