PODS:
  - AMapFoundation-NO-IDFA (1.8.2)
  - AMapLocation-NO-IDFA (2.9.0):
    - AMapFoundation-NO-IDFA (>= 1.7.0)
  - LBXPermission/Base (1.1.1)
  - LBXPermission/Camera (1.1.1)
  - LBXPermission/Location (1.1.1)
  - LBXPermission/Photo (1.1.1)
  - LBXScan/LBXNative (2.5.1):
    - LBXScan/Types (~> 2.2)
  - LBXScan/Types (2.5.1)
  - LBXScan/UI (2.5.1):
    - LBXScan/Types (~> 2.2)
  - Masonry (1.1.0)
  - NSWebKit (1.0.0):
    - NSWebKit/Core (= 1.0.0)
  - NSWebKit/Cordova (1.0.0)
  - NSWebKit/Core (1.0.0):
    - Masonry (~> 1.1.0)
    - NSWebKit/Cordova
    - NSWebKit/Core/Assets (= 1.0.0)
    - NSWebKit/Core/Classes (= 1.0.0)
    - Toast (~> 4.0.0)
    - YYKit (~> 1.0.9)
  - NSWebKit/Core/Assets (1.0.0):
    - Masonry (~> 1.1.0)
    - NSWebKit/Cordova
    - Toast (~> 4.0.0)
    - YYKit (~> 1.0.9)
  - NSWebKit/Core/Classes (1.0.0):
    - Masonry (~> 1.1.0)
    - NSWebKit/Cordova
    - Toast (~> 4.0.0)
    - YYKit (~> 1.0.9)
  - NSWebKit/Plugins/Basic (1.0.0):
    - LBXPermission/Base
    - NSWebKit/Core
  - NSWebKit/Plugins/CustomCamera (1.0.0):
    - LBXPermission/Base
    - LBXPermission/Camera
    - LBXPermission/Photo
    - NSWebKit/Core
    - TZImagePickerController
    - ZYImageCompress
  - NSWebKit/Plugins/Location (1.0.0):
    - AMapLocation-NO-IDFA (~> 2.9.0)
    - LBXPermission/Location
    - NSWebKit/Core
    - NSWebKit/Plugins/Basic
  - NSWebKit/Plugins/Scan (1.0.0):
    - LBXPermission/Base
    - LBXPermission/Camera
    - LBXPermission/Photo
    - LBXScan/LBXNative
    - LBXScan/UI
    - NSWebKit/Core
    - NSWebKit/Plugins/Scan/Assets (= 1.0.0)
  - NSWebKit/Plugins/Scan/Assets (1.0.0):
    - LBXPermission/Base
    - LBXPermission/Camera
    - LBXPermission/Photo
    - LBXScan/LBXNative
    - LBXScan/UI
    - NSWebKit/Core
  - NSWebKit/Plugins/Share (1.0.0):
    - NSWebKit/Core
    - NSWebKit/Plugins/Basic
    - WechatOpenSDK (~> 1.8.7.1)
  - Toast (4.0.0)
  - TZImagePickerController (3.8.3):
    - TZImagePickerController/Basic (= 3.8.3)
    - TZImagePickerController/Location (= 3.8.3)
  - TZImagePickerController/Basic (3.8.3)
  - TZImagePickerController/Location (3.8.3)
  - WechatOpenSDK (1.8.7.1)
  - YYKit (1.0.9):
    - YYKit/no-arc (= 1.0.9)
  - YYKit/no-arc (1.0.9)
  - ZYImageCompress (1.1.0)

DEPENDENCIES:
  - NSWebKit (from `../NSWebKit`)
  - NSWebKit/Plugins/Basic (from `../NSWebKit`)
  - NSWebKit/Plugins/CustomCamera (from `../NSWebKit`)
  - NSWebKit/Plugins/Location (from `../NSWebKit`)
  - NSWebKit/Plugins/Scan (from `../NSWebKit`)
  - NSWebKit/Plugins/Share (from `../NSWebKit`)

SPEC REPOS:
  trunk:
    - AMapFoundation-NO-IDFA
    - AMapLocation-NO-IDFA
    - LBXPermission
    - LBXScan
    - Masonry
    - Toast
    - TZImagePickerController
    - WechatOpenSDK
    - YYKit
    - ZYImageCompress

EXTERNAL SOURCES:
  NSWebKit:
    :path: "../NSWebKit"

SPEC CHECKSUMS:
  AMapFoundation-NO-IDFA: 6ce0ef596d4eb8d934ff498e56747b6de1247b05
  AMapLocation-NO-IDFA: 6839d1543b3138ae594ddd36ab72741dc87df66f
  LBXPermission: e7f860ce1280599fc196a8c5dee713cbb81354d4
  LBXScan: 90ca10d0c38fb4a5a6980d7782354f3f69f50093
  Masonry: 678fab65091a9290e40e2832a55e7ab731aad201
  NSWebKit: 75c36c280055c51e761d6616638ffdd6cb904674
  Toast: 91b396c56ee72a5790816f40d3a94dd357abc196
  TZImagePickerController: e9909edbadf7381140efc5b5c9f5bdbfd630f7d4
  WechatOpenSDK: 6a4d1436c15b3b5fe2a0bd383f3046010186da44
  YYKit: 7cda43304a8dc3696c449041e2cb3107b4e236e7
  ZYImageCompress: 0d2bb50ae05a4f61533e64968fe4ccced1695327

PODFILE CHECKSUM: ef6e1373195a2f15f41b2cc2637a4d81956529dd

COCOAPODS: 1.12.1
